// !$*UTF8*$!
{
	archiveVersion = 1;
	classes = {
	};
	objectVersion = 46;
	objects = {

/* Begin PBXBuildFile section */
		B20F762B1E927D9F00BA52FE /* OpenSans-Bold.ttf in Resources */ = {isa = PBXBuildFile; fileRef = B20F76211E927D9F00BA52FE /* OpenSans-Bold.ttf */; };
		B20F762C1E927D9F00BA52FE /* OpenSans-BoldItalic.ttf in Resources */ = {isa = PBXBuildFile; fileRef = B20F76221E927D9F00BA52FE /* OpenSans-BoldItalic.ttf */; };
		B20F762D1E927D9F00BA52FE /* OpenSans-ExtraBold.ttf in Resources */ = {isa = PBXBuildFile; fileRef = B20F76231E927D9F00BA52FE /* OpenSans-ExtraBold.ttf */; };
		B20F762E1E927D9F00BA52FE /* OpenSans-ExtraBoldItalic.ttf in Resources */ = {isa = PBXBuildFile; fileRef = B20F76241E927D9F00BA52FE /* OpenSans-ExtraBoldItalic.ttf */; };
		B20F762F1E927D9F00BA52FE /* OpenSans-Italic.ttf in Resources */ = {isa = PBXBuildFile; fileRef = B20F76251E927D9F00BA52FE /* OpenSans-Italic.ttf */; };
		B20F76301E927D9F00BA52FE /* OpenSans-Light.ttf in Resources */ = {isa = PBXBuildFile; fileRef = B20F76261E927D9F00BA52FE /* OpenSans-Light.ttf */; };
		B20F76311E927D9F00BA52FE /* OpenSans-LightItalic.ttf in Resources */ = {isa = PBXBuildFile; fileRef = B20F76271E927D9F00BA52FE /* OpenSans-LightItalic.ttf */; };
		B20F76321E927D9F00BA52FE /* OpenSans-Regular.ttf in Resources */ = {isa = PBXBuildFile; fileRef = B20F76281E927D9F00BA52FE /* OpenSans-Regular.ttf */; };
		B20F76331E927D9F00BA52FE /* OpenSans-Semibold.ttf in Resources */ = {isa = PBXBuildFile; fileRef = B20F76291E927D9F00BA52FE /* OpenSans-Semibold.ttf */; };
		B20F76341E927D9F00BA52FE /* OpenSans-SemiboldItalic.ttf in Resources */ = {isa = PBXBuildFile; fileRef = B20F762A1E927D9F00BA52FE /* OpenSans-SemiboldItalic.ttf */; };
		B225DB071E8CB57D00AE7A2D /* ManualEntryController.swift in Sources */ = {isa = PBXBuildFile; fileRef = B225DB061E8CB57D00AE7A2D /* ManualEntryController.swift */; };
		B22978371E83FD85005F41B3 /* RecordViewController.swift in Sources */ = {isa = PBXBuildFile; fileRef = B22978351E83FD85005F41B3 /* RecordViewController.swift */; };
		B229783A1E83FE1E005F41B3 /* User.swift in Sources */ = {isa = PBXBuildFile; fileRef = B22978391E83FE1E005F41B3 /* User.swift */; };
		B229783C1E840066005F41B3 /* Extensions.swift in Sources */ = {isa = PBXBuildFile; fileRef = B229783B1E840066005F41B3 /* Extensions.swift */; };
		B22978401E840127005F41B3 /* RunSummaryViewController.swift in Sources */ = {isa = PBXBuildFile; fileRef = B229783F1E840127005F41B3 /* RunSummaryViewController.swift */; };
		B22D9D7B1E861B7B00BE961E /* RunTrackingVC.swift in Sources */ = {isa = PBXBuildFile; fileRef = B22D9D7A1E861B7B00BE961E /* RunTrackingVC.swift */; };
		B24758F91E9697A9009CF595 /* LoginVC.swift in Sources */ = {isa = PBXBuildFile; fileRef = B24758F81E9697A9009CF595 /* LoginVC.swift */; };
		B24758FB1E969A7B009CF595 /* CustomCell.swift in Sources */ = {isa = PBXBuildFile; fileRef = B24758FA1E969A7B009CF595 /* CustomCell.swift */; };
		B24758FD1E96A088009CF595 /* Slide.swift in Sources */ = {isa = PBXBuildFile; fileRef = B24758FC1E96A088009CF595 /* Slide.swift */; };
		B29EAD3F1E95F97C00396A00 /* GoogleService-Info.plist in Resources */ = {isa = PBXBuildFile; fileRef = B29EAD3E1E95F97C00396A00 /* GoogleService-Info.plist */; };
		B61B85411E940BFE0008BCF3 /* SlideView.xib in Resources */ = {isa = PBXBuildFile; fileRef = B61B85401E940BFE0008BCF3 /* SlideView.xib */; };
		B61B85431E940C160008BCF3 /* SlideView.swift in Sources */ = {isa = PBXBuildFile; fileRef = B61B85421E940C160008BCF3 /* SlideView.swift */; };
		B637D2261E7E2F6600F41A07 /* Main.storyboard in Resources */ = {isa = PBXBuildFile; fileRef = B637D2251E7E2F6600F41A07 /* Main.storyboard */; };
		B637D2351E7E4D6700F41A07 /* ProfileViewController.swift in Sources */ = {isa = PBXBuildFile; fileRef = B637D2331E7E4D6700F41A07 /* ProfileViewController.swift */; };
		B637D2361E7E4D6700F41A07 /* ProfileViewController.xib in Resources */ = {isa = PBXBuildFile; fileRef = B637D2341E7E4D6700F41A07 /* ProfileViewController.xib */; };
		B637D2391E7E4DA900F41A07 /* FindFriendsViewController.swift in Sources */ = {isa = PBXBuildFile; fileRef = B637D2371E7E4DA900F41A07 /* FindFriendsViewController.swift */; };
		B637D23A1E7E4DA900F41A07 /* FindFriendsViewController.xib in Resources */ = {isa = PBXBuildFile; fileRef = B637D2381E7E4DA900F41A07 /* FindFriendsViewController.xib */; };
		B63974461E87B0CA00C3BE9C /* DatePickerSettingCell.swift in Sources */ = {isa = PBXBuildFile; fileRef = B63974441E87B0CA00C3BE9C /* DatePickerSettingCell.swift */; };
		B63974471E87B0CA00C3BE9C /* DatePickerSettingCell.xib in Resources */ = {isa = PBXBuildFile; fileRef = B63974451E87B0CA00C3BE9C /* DatePickerSettingCell.xib */; };
		B6492DC31E954E0900C490F0 /* ActivityDetailsViewController.swift in Sources */ = {isa = PBXBuildFile; fileRef = B6492DC11E954E0900C490F0 /* ActivityDetailsViewController.swift */; };
		B6492DC41E954E0900C490F0 /* ActivityDetailsViewController.xib in Resources */ = {isa = PBXBuildFile; fileRef = B6492DC21E954E0900C490F0 /* ActivityDetailsViewController.xib */; };
		B65F1AD81E82E12E009E526B /* UserStatistics.xib in Resources */ = {isa = PBXBuildFile; fileRef = B65F1AD71E82E12E009E526B /* UserStatistics.xib */; };
		B65F1ADA1E82E24F009E526B /* UserStatisticsView.swift in Sources */ = {isa = PBXBuildFile; fileRef = B65F1AD91E82E24F009E526B /* UserStatisticsView.swift */; };
		B671E7211E988B4B0035600F /* AddGroupViewController.swift in Sources */ = {isa = PBXBuildFile; fileRef = B671E71F1E988B4B0035600F /* AddGroupViewController.swift */; };
		B671E7221E988B4B0035600F /* AddGroupViewController.xib in Resources */ = {isa = PBXBuildFile; fileRef = B671E7201E988B4B0035600F /* AddGroupViewController.xib */; };
		B671E7291E988FC80035600F /* GroupCell.swift in Sources */ = {isa = PBXBuildFile; fileRef = B671E7271E988FC80035600F /* GroupCell.swift */; };
		B671E72A1E988FC80035600F /* GroupCell.xib in Resources */ = {isa = PBXBuildFile; fileRef = B671E7281E988FC80035600F /* GroupCell.xib */; };
		B679DD1F1E8BF65D000744E8 /* UserInfoCell.swift in Sources */ = {isa = PBXBuildFile; fileRef = B679DD1D1E8BF65D000744E8 /* UserInfoCell.swift */; };
		B679DD201E8BF65D000744E8 /* UserInfoCell.xib in Resources */ = {isa = PBXBuildFile; fileRef = B679DD1E1E8BF65D000744E8 /* UserInfoCell.xib */; };
		B679DD251E8BFFB4000744E8 /* ActivitiesViewController.swift in Sources */ = {isa = PBXBuildFile; fileRef = B679DD231E8BFFB4000744E8 /* ActivitiesViewController.swift */; };
		B679DD261E8BFFB4000744E8 /* ActivitiesViewController.xib in Resources */ = {isa = PBXBuildFile; fileRef = B679DD241E8BFFB4000744E8 /* ActivitiesViewController.xib */; };
		B679DD291E8C00D9000744E8 /* ProfileGroupsViewController.swift in Sources */ = {isa = PBXBuildFile; fileRef = B679DD271E8C00D9000744E8 /* ProfileGroupsViewController.swift */; };
		B679DD2A1E8C00D9000744E8 /* ProfileGroupsViewController.xib in Resources */ = {isa = PBXBuildFile; fileRef = B679DD281E8C00D9000744E8 /* ProfileGroupsViewController.xib */; };
		B679DD2D1E8C00EF000744E8 /* ProfileRecordsViewController.swift in Sources */ = {isa = PBXBuildFile; fileRef = B679DD2B1E8C00EF000744E8 /* ProfileRecordsViewController.swift */; };
		B679DD2E1E8C00EF000744E8 /* ProfileRecordsViewController.xib in Resources */ = {isa = PBXBuildFile; fileRef = B679DD2C1E8C00EF000744E8 /* ProfileRecordsViewController.xib */; };
		B68177A71E7EC6B800FF760F /* ExploreViewController.swift in Sources */ = {isa = PBXBuildFile; fileRef = B68177A51E7EC6B800FF760F /* ExploreViewController.swift */; };
		B68177A81E7EC6B800FF760F /* ExploreViewController.xib in Resources */ = {isa = PBXBuildFile; fileRef = B68177A61E7EC6B800FF760F /* ExploreViewController.xib */; };
		B68177AB1E7ED1E500FF760F /* TrackingViewController.swift in Sources */ = {isa = PBXBuildFile; fileRef = B68177A91E7ED1E500FF760F /* TrackingViewController.swift */; };
		B68177AC1E7ED1E500FF760F /* TrackingViewController.xib in Resources */ = {isa = PBXBuildFile; fileRef = B68177AA1E7ED1E500FF760F /* TrackingViewController.xib */; };
		B68177AF1E7ED20200FF760F /* GroupViewController.swift in Sources */ = {isa = PBXBuildFile; fileRef = B68177AD1E7ED20200FF760F /* GroupViewController.swift */; };
		B68177B01E7ED20200FF760F /* GroupViewController.xib in Resources */ = {isa = PBXBuildFile; fileRef = B68177AE1E7ED20200FF760F /* GroupViewController.xib */; };
		B6860B651E8563AD0008B06A /* TextSettingCell.swift in Sources */ = {isa = PBXBuildFile; fileRef = B6860B631E8563AD0008B06A /* TextSettingCell.swift */; };
		B6860B661E8563AD0008B06A /* TextSettingCell.xib in Resources */ = {isa = PBXBuildFile; fileRef = B6860B641E8563AD0008B06A /* TextSettingCell.xib */; };
		B6860B691E8566F70008B06A /* NotificationCell.swift in Sources */ = {isa = PBXBuildFile; fileRef = B6860B671E8566F70008B06A /* NotificationCell.swift */; };
		B6860B6A1E8566F70008B06A /* NotificationCell.xib in Resources */ = {isa = PBXBuildFile; fileRef = B6860B681E8566F70008B06A /* NotificationCell.xib */; };
		B6860B6D1E85776C0008B06A /* DisclosureIndicatorCell.swift in Sources */ = {isa = PBXBuildFile; fileRef = B6860B6B1E85776C0008B06A /* DisclosureIndicatorCell.swift */; };
		B6860B6E1E85776C0008B06A /* DisclosureIndicatorCell.xib in Resources */ = {isa = PBXBuildFile; fileRef = B6860B6C1E85776C0008B06A /* DisclosureIndicatorCell.xib */; };
		B68D08231E7E2A9100DC971F /* LoginViewController.swift in Sources */ = {isa = PBXBuildFile; fileRef = B68D08211E7E2A9100DC971F /* LoginViewController.swift */; };
		B68D08241E7E2A9100DC971F /* LoginViewController.xib in Resources */ = {isa = PBXBuildFile; fileRef = B68D08221E7E2A9100DC971F /* LoginViewController.xib */; };
		B6946A2F1E97B39700931B0F /* Group.swift in Sources */ = {isa = PBXBuildFile; fileRef = B6946A2E1E97B39700931B0F /* Group.swift */; };
		B6946A371E97F3F500931B0F /* ChallengeViewController.swift in Sources */ = {isa = PBXBuildFile; fileRef = B6946A351E97F3F500931B0F /* ChallengeViewController.swift */; };
		B6946A381E97F3F500931B0F /* ChallengeViewController.xib in Resources */ = {isa = PBXBuildFile; fileRef = B6946A361E97F3F500931B0F /* ChallengeViewController.xib */; };
		B6A6C2711E76DF550021EFC0 /* AppDelegate.swift in Sources */ = {isa = PBXBuildFile; fileRef = B6A6C2701E76DF550021EFC0 /* AppDelegate.swift */; };
		B6A6C27B1E76DF550021EFC0 /* LaunchScreen.storyboard in Resources */ = {isa = PBXBuildFile; fileRef = B6A6C2791E76DF550021EFC0 /* LaunchScreen.storyboard */; };
		B6B068B71E9A4B8B0095875D /* GroupInfoCell.swift in Sources */ = {isa = PBXBuildFile; fileRef = B6B068B51E9A4B8B0095875D /* GroupInfoCell.swift */; };
		B6B068B81E9A4B8B0095875D /* GroupInfoCell.xib in Resources */ = {isa = PBXBuildFile; fileRef = B6B068B61E9A4B8B0095875D /* GroupInfoCell.xib */; };
		B6B068BB1E9A750C0095875D /* MemberCell.swift in Sources */ = {isa = PBXBuildFile; fileRef = B6B068B91E9A750C0095875D /* MemberCell.swift */; };
		B6B068BC1E9A750C0095875D /* MemberCell.xib in Resources */ = {isa = PBXBuildFile; fileRef = B6B068BA1E9A750C0095875D /* MemberCell.xib */; };
		B6BB4BF51E86C7EF0054C965 /* RightDetailCell.swift in Sources */ = {isa = PBXBuildFile; fileRef = B6BB4BF31E86C7EF0054C965 /* RightDetailCell.swift */; };
		B6BB4BF61E86C7EF0054C965 /* RightDetailCell.xib in Resources */ = {isa = PBXBuildFile; fileRef = B6BB4BF41E86C7EF0054C965 /* RightDetailCell.xib */; };
		B6BB4BF91E86CE610054C965 /* PickerSettingCell.swift in Sources */ = {isa = PBXBuildFile; fileRef = B6BB4BF71E86CE610054C965 /* PickerSettingCell.swift */; };
		B6BB4BFA1E86CE610054C965 /* PickerSettingCell.xib in Resources */ = {isa = PBXBuildFile; fileRef = B6BB4BF81E86CE610054C965 /* PickerSettingCell.xib */; };
		B6C69ABD1E99058F003541C5 /* GroupDetailViewController.swift in Sources */ = {isa = PBXBuildFile; fileRef = B6C69ABB1E99058F003541C5 /* GroupDetailViewController.swift */; };
		B6C69ABE1E99058F003541C5 /* GroupDetailViewController.xib in Resources */ = {isa = PBXBuildFile; fileRef = B6C69ABC1E99058F003541C5 /* GroupDetailViewController.xib */; };
		B6CF33F61E8CB5860087614C /* RightDetailArrowCell.swift in Sources */ = {isa = PBXBuildFile; fileRef = B6CF33F41E8CB5860087614C /* RightDetailArrowCell.swift */; };
		B6CF33F71E8CB5860087614C /* RightDetailArrowCell.xib in Resources */ = {isa = PBXBuildFile; fileRef = B6CF33F51E8CB5860087614C /* RightDetailArrowCell.xib */; };
		B6F520061E84FF860071E361 /* ProfileSettingsViewController.swift in Sources */ = {isa = PBXBuildFile; fileRef = B6F520041E84FF860071E361 /* ProfileSettingsViewController.swift */; };
		B6F520071E84FF860071E361 /* ProfileSettingsViewController.xib in Resources */ = {isa = PBXBuildFile; fileRef = B6F520051E84FF860071E361 /* ProfileSettingsViewController.xib */; };
		B6F5200A1E8500A90071E361 /* NotificationsViewController.swift in Sources */ = {isa = PBXBuildFile; fileRef = B6F520081E8500A90071E361 /* NotificationsViewController.swift */; };
		B6F5200B1E8500A90071E361 /* NotificationsViewController.xib in Resources */ = {isa = PBXBuildFile; fileRef = B6F520091E8500A90071E361 /* NotificationsViewController.xib */; };
		D902147B1E8A6EC3000DB7DF /* RouteAnnotation.swift in Sources */ = {isa = PBXBuildFile; fileRef = D902147A1E8A6EC3000DB7DF /* RouteAnnotation.swift */; };
		D93253361E9C917400C59630 /* AddChallengeVC.swift in Sources */ = {isa = PBXBuildFile; fileRef = D93253341E9C917400C59630 /* AddChallengeVC.swift */; };
		D93253371E9C917400C59630 /* AddChallengeVC.xib in Resources */ = {isa = PBXBuildFile; fileRef = D93253351E9C917400C59630 /* AddChallengeVC.xib */; };
		D938E2761E9B9C1B0058CBCD /* ChallengeViewCell.swift in Sources */ = {isa = PBXBuildFile; fileRef = D938E2741E9B9C1B0058CBCD /* ChallengeViewCell.swift */; };
		D938E2771E9B9C1B0058CBCD /* ChallengeViewCell.xib in Resources */ = {isa = PBXBuildFile; fileRef = D938E2751E9B9C1B0058CBCD /* ChallengeViewCell.xib */; };
		D9433AC01E8521DB00F085B3 /* Route.swift in Sources */ = {isa = PBXBuildFile; fileRef = D9433ABF1E8521DB00F085B3 /* Route.swift */; };
		D94C62CD1E93A232000E5A5E /* ScheduleVC.swift in Sources */ = {isa = PBXBuildFile; fileRef = D94C62CB1E93A232000E5A5E /* ScheduleVC.swift */; };
		D94C62CE1E93A232000E5A5E /* ScheduleVC.xib in Resources */ = {isa = PBXBuildFile; fileRef = D94C62CC1E93A232000E5A5E /* ScheduleVC.xib */; };
		D94C62D11E93D5CE000E5A5E /* ParticipantViewCell.swift in Sources */ = {isa = PBXBuildFile; fileRef = D94C62CF1E93D5CE000E5A5E /* ParticipantViewCell.swift */; };
		D94C62D21E93D5CE000E5A5E /* ParticipantViewCell.xib in Resources */ = {isa = PBXBuildFile; fileRef = D94C62D01E93D5CE000E5A5E /* ParticipantViewCell.xib */; };
		D96BFB521E99CEBD002719A9 /* Utils.swift in Sources */ = {isa = PBXBuildFile; fileRef = D96BFB511E99CEBD002719A9 /* Utils.swift */; };
		D9A4F8821E9BD96D00558860 /* Challenge.swift in Sources */ = {isa = PBXBuildFile; fileRef = D9A4F8811E9BD96D00558860 /* Challenge.swift */; };
		D9D35F011E925963008C3AB3 /* ScheduleCell.swift in Sources */ = {isa = PBXBuildFile; fileRef = D9D35EFF1E925963008C3AB3 /* ScheduleCell.swift */; };
		D9D35F021E925963008C3AB3 /* ScheduleCell.xib in Resources */ = {isa = PBXBuildFile; fileRef = D9D35F001E925963008C3AB3 /* ScheduleCell.xib */; };
		D9D35F041E929E23008C3AB3 /* UserObject.swift in Sources */ = {isa = PBXBuildFile; fileRef = D9D35F031E929E23008C3AB3 /* UserObject.swift */; };
		D9D9DF181E81057C008C086C /* Location.swift in Sources */ = {isa = PBXBuildFile; fileRef = D9D9DF171E81057C008C086C /* Location.swift */; };
		D9D9DF1A1E810991008C086C /* Workout.swift in Sources */ = {isa = PBXBuildFile; fileRef = D9D9DF191E810991008C086C /* Workout.swift */; };
		D9D9DF1C1E810EB5008C086C /* Constants.swift in Sources */ = {isa = PBXBuildFile; fileRef = D9D9DF1B1E810EB5008C086C /* Constants.swift */; };
		D9DA30B61E8AA65500F10849 /* UserProfileCell.swift in Sources */ = {isa = PBXBuildFile; fileRef = D9DA30B41E8AA65500F10849 /* UserProfileCell.swift */; };
		D9DA30B71E8AA65500F10849 /* UserProfileCell.xib in Resources */ = {isa = PBXBuildFile; fileRef = D9DA30B51E8AA65500F10849 /* UserProfileCell.xib */; };
		D9DA30BE1E91490D00F10849 /* Assets.xcassets in Resources */ = {isa = PBXBuildFile; fileRef = D9DA30BD1E91490D00F10849 /* Assets.xcassets */; };
		D9DA30C31E91F52C00F10849 /* CustomPinView.swift in Sources */ = {isa = PBXBuildFile; fileRef = D9DA30C21E91F52C00F10849 /* CustomPinView.swift */; };
		D9DA30C51E91F54100F10849 /* CustomPinView.xib in Resources */ = {isa = PBXBuildFile; fileRef = D9DA30C41E91F54100F10849 /* CustomPinView.xib */; };
		D9DA30C81E92395E00F10849 /* RouteDetailVC.swift in Sources */ = {isa = PBXBuildFile; fileRef = D9DA30C61E92395E00F10849 /* RouteDetailVC.swift */; };
		D9DA30C91E92395E00F10849 /* RouteDetailVC.xib in Resources */ = {isa = PBXBuildFile; fileRef = D9DA30C71E92395E00F10849 /* RouteDetailVC.xib */; };
		D9F7B2051E88119600B692FF /* SelectTimeViewController.swift in Sources */ = {isa = PBXBuildFile; fileRef = D9F7B2011E88119600B692FF /* SelectTimeViewController.swift */; };
		D9F7B2061E88119600B692FF /* SelectTimeViewController.xib in Resources */ = {isa = PBXBuildFile; fileRef = D9F7B2021E88119600B692FF /* SelectTimeViewController.xib */; };
		D9F7B2071E88119600B692FF /* TextOnlyTableViewCell.swift in Sources */ = {isa = PBXBuildFile; fileRef = D9F7B2031E88119600B692FF /* TextOnlyTableViewCell.swift */; };
		D9F7B2081E88119600B692FF /* TextOnlyTableViewCell.xib in Resources */ = {isa = PBXBuildFile; fileRef = D9F7B2041E88119600B692FF /* TextOnlyTableViewCell.xib */; };
		D9F7B20A1E8817AB00B692FF /* WorkoutObject.swift in Sources */ = {isa = PBXBuildFile; fileRef = D9F7B2091E8817AB00B692FF /* WorkoutObject.swift */; };
		D9F7B21F1E88BFF500B692FF /* GeoFire.m in Sources */ = {isa = PBXBuildFile; fileRef = D9F7B2161E88BFF500B692FF /* GeoFire.m */; };
		D9F7B2201E88BFF500B692FF /* GFBase32Utils.m in Sources */ = {isa = PBXBuildFile; fileRef = D9F7B2181E88BFF500B692FF /* GFBase32Utils.m */; };
		D9F7B2211E88BFF500B692FF /* GFGeoHash.m in Sources */ = {isa = PBXBuildFile; fileRef = D9F7B21A1E88BFF500B692FF /* GFGeoHash.m */; };
		D9F7B2221E88BFF500B692FF /* GFGeoHashQuery.m in Sources */ = {isa = PBXBuildFile; fileRef = D9F7B21C1E88BFF500B692FF /* GFGeoHashQuery.m */; };
		D9F7B2231E88BFF500B692FF /* GFQuery.m in Sources */ = {isa = PBXBuildFile; fileRef = D9F7B21E1E88BFF500B692FF /* GFQuery.m */; };
		D9F7B2261E89312A00B692FF /* Event.swift in Sources */ = {isa = PBXBuildFile; fileRef = D9F7B2251E89312A00B692FF /* Event.swift */; };
		F9A83EC7A4DE1D966E3007CF /* Pods_RaceMe.framework in Frameworks */ = {isa = PBXBuildFile; fileRef = 3A28C2AE7E9D86DF268ED474 /* Pods_RaceMe.framework */; };
/* End PBXBuildFile section */

/* Begin PBXFileReference section */
		3A28C2AE7E9D86DF268ED474 /* Pods_RaceMe.framework */ = {isa = PBXFileReference; explicitFileType = wrapper.framework; includeInIndex = 0; path = Pods_RaceMe.framework; sourceTree = BUILT_PRODUCTS_DIR; };
		B20F76211E927D9F00BA52FE /* OpenSans-Bold.ttf */ = {isa = PBXFileReference; lastKnownFileType = file; path = "OpenSans-Bold.ttf"; sourceTree = "<group>"; };
		B20F76221E927D9F00BA52FE /* OpenSans-BoldItalic.ttf */ = {isa = PBXFileReference; lastKnownFileType = file; path = "OpenSans-BoldItalic.ttf"; sourceTree = "<group>"; };
		B20F76231E927D9F00BA52FE /* OpenSans-ExtraBold.ttf */ = {isa = PBXFileReference; lastKnownFileType = file; path = "OpenSans-ExtraBold.ttf"; sourceTree = "<group>"; };
		B20F76241E927D9F00BA52FE /* OpenSans-ExtraBoldItalic.ttf */ = {isa = PBXFileReference; lastKnownFileType = file; path = "OpenSans-ExtraBoldItalic.ttf"; sourceTree = "<group>"; };
		B20F76251E927D9F00BA52FE /* OpenSans-Italic.ttf */ = {isa = PBXFileReference; lastKnownFileType = file; path = "OpenSans-Italic.ttf"; sourceTree = "<group>"; };
		B20F76261E927D9F00BA52FE /* OpenSans-Light.ttf */ = {isa = PBXFileReference; lastKnownFileType = file; path = "OpenSans-Light.ttf"; sourceTree = "<group>"; };
		B20F76271E927D9F00BA52FE /* OpenSans-LightItalic.ttf */ = {isa = PBXFileReference; lastKnownFileType = file; path = "OpenSans-LightItalic.ttf"; sourceTree = "<group>"; };
		B20F76281E927D9F00BA52FE /* OpenSans-Regular.ttf */ = {isa = PBXFileReference; lastKnownFileType = file; path = "OpenSans-Regular.ttf"; sourceTree = "<group>"; };
		B20F76291E927D9F00BA52FE /* OpenSans-Semibold.ttf */ = {isa = PBXFileReference; lastKnownFileType = file; path = "OpenSans-Semibold.ttf"; sourceTree = "<group>"; };
		B20F762A1E927D9F00BA52FE /* OpenSans-SemiboldItalic.ttf */ = {isa = PBXFileReference; lastKnownFileType = file; path = "OpenSans-SemiboldItalic.ttf"; sourceTree = "<group>"; };
		B225DB061E8CB57D00AE7A2D /* ManualEntryController.swift */ = {isa = PBXFileReference; fileEncoding = 4; lastKnownFileType = sourcecode.swift; path = ManualEntryController.swift; sourceTree = "<group>"; };
		B22978351E83FD85005F41B3 /* RecordViewController.swift */ = {isa = PBXFileReference; fileEncoding = 4; lastKnownFileType = sourcecode.swift; path = RecordViewController.swift; sourceTree = "<group>"; };
		B22978391E83FE1E005F41B3 /* User.swift */ = {isa = PBXFileReference; fileEncoding = 4; lastKnownFileType = sourcecode.swift; path = User.swift; sourceTree = "<group>"; };
		B229783B1E840066005F41B3 /* Extensions.swift */ = {isa = PBXFileReference; fileEncoding = 4; lastKnownFileType = sourcecode.swift; path = Extensions.swift; sourceTree = "<group>"; };
		B229783F1E840127005F41B3 /* RunSummaryViewController.swift */ = {isa = PBXFileReference; fileEncoding = 4; lastKnownFileType = sourcecode.swift; path = RunSummaryViewController.swift; sourceTree = "<group>"; };
		B22D9D7A1E861B7B00BE961E /* RunTrackingVC.swift */ = {isa = PBXFileReference; fileEncoding = 4; lastKnownFileType = sourcecode.swift; path = RunTrackingVC.swift; sourceTree = "<group>"; };
		B24758F81E9697A9009CF595 /* LoginVC.swift */ = {isa = PBXFileReference; fileEncoding = 4; lastKnownFileType = sourcecode.swift; path = LoginVC.swift; sourceTree = "<group>"; };
		B24758FA1E969A7B009CF595 /* CustomCell.swift */ = {isa = PBXFileReference; fileEncoding = 4; lastKnownFileType = sourcecode.swift; path = CustomCell.swift; sourceTree = "<group>"; };
		B24758FC1E96A088009CF595 /* Slide.swift */ = {isa = PBXFileReference; fileEncoding = 4; lastKnownFileType = sourcecode.swift; path = Slide.swift; sourceTree = "<group>"; };
		B29EAD3E1E95F97C00396A00 /* GoogleService-Info.plist */ = {isa = PBXFileReference; fileEncoding = 4; lastKnownFileType = text.plist.xml; path = "GoogleService-Info.plist"; sourceTree = "<group>"; };
		B5E4083712718B9C48665E65 /* Pods-RaceMe.debug.xcconfig */ = {isa = PBXFileReference; includeInIndex = 1; lastKnownFileType = text.xcconfig; name = "Pods-RaceMe.debug.xcconfig"; path = "Pods/Target Support Files/Pods-RaceMe/Pods-RaceMe.debug.xcconfig"; sourceTree = "<group>"; };
		B61B85401E940BFE0008BCF3 /* SlideView.xib */ = {isa = PBXFileReference; fileEncoding = 4; lastKnownFileType = file.xib; path = SlideView.xib; sourceTree = "<group>"; };
		B61B85421E940C160008BCF3 /* SlideView.swift */ = {isa = PBXFileReference; fileEncoding = 4; lastKnownFileType = sourcecode.swift; path = SlideView.swift; sourceTree = "<group>"; };
		B637D2251E7E2F6600F41A07 /* Main.storyboard */ = {isa = PBXFileReference; fileEncoding = 4; lastKnownFileType = file.storyboard; path = Main.storyboard; sourceTree = "<group>"; };
		B637D2331E7E4D6700F41A07 /* ProfileViewController.swift */ = {isa = PBXFileReference; fileEncoding = 4; lastKnownFileType = sourcecode.swift; path = ProfileViewController.swift; sourceTree = "<group>"; };
		B637D2341E7E4D6700F41A07 /* ProfileViewController.xib */ = {isa = PBXFileReference; fileEncoding = 4; lastKnownFileType = file.xib; path = ProfileViewController.xib; sourceTree = "<group>"; };
		B637D2371E7E4DA900F41A07 /* FindFriendsViewController.swift */ = {isa = PBXFileReference; fileEncoding = 4; lastKnownFileType = sourcecode.swift; path = FindFriendsViewController.swift; sourceTree = "<group>"; };
		B637D2381E7E4DA900F41A07 /* FindFriendsViewController.xib */ = {isa = PBXFileReference; fileEncoding = 4; lastKnownFileType = file.xib; path = FindFriendsViewController.xib; sourceTree = "<group>"; };
		B63974441E87B0CA00C3BE9C /* DatePickerSettingCell.swift */ = {isa = PBXFileReference; fileEncoding = 4; lastKnownFileType = sourcecode.swift; path = DatePickerSettingCell.swift; sourceTree = "<group>"; };
		B63974451E87B0CA00C3BE9C /* DatePickerSettingCell.xib */ = {isa = PBXFileReference; fileEncoding = 4; lastKnownFileType = file.xib; path = DatePickerSettingCell.xib; sourceTree = "<group>"; };
		B6492DC11E954E0900C490F0 /* ActivityDetailsViewController.swift */ = {isa = PBXFileReference; fileEncoding = 4; lastKnownFileType = sourcecode.swift; path = ActivityDetailsViewController.swift; sourceTree = "<group>"; };
		B6492DC21E954E0900C490F0 /* ActivityDetailsViewController.xib */ = {isa = PBXFileReference; fileEncoding = 4; lastKnownFileType = file.xib; path = ActivityDetailsViewController.xib; sourceTree = "<group>"; };
		B65F1AD71E82E12E009E526B /* UserStatistics.xib */ = {isa = PBXFileReference; fileEncoding = 4; lastKnownFileType = file.xib; path = UserStatistics.xib; sourceTree = "<group>"; };
		B65F1AD91E82E24F009E526B /* UserStatisticsView.swift */ = {isa = PBXFileReference; fileEncoding = 4; lastKnownFileType = sourcecode.swift; path = UserStatisticsView.swift; sourceTree = "<group>"; };
		B671E71F1E988B4B0035600F /* AddGroupViewController.swift */ = {isa = PBXFileReference; fileEncoding = 4; lastKnownFileType = sourcecode.swift; path = AddGroupViewController.swift; sourceTree = "<group>"; };
		B671E7201E988B4B0035600F /* AddGroupViewController.xib */ = {isa = PBXFileReference; fileEncoding = 4; lastKnownFileType = file.xib; path = AddGroupViewController.xib; sourceTree = "<group>"; };
		B671E7271E988FC80035600F /* GroupCell.swift */ = {isa = PBXFileReference; fileEncoding = 4; lastKnownFileType = sourcecode.swift; path = GroupCell.swift; sourceTree = "<group>"; };
		B671E7281E988FC80035600F /* GroupCell.xib */ = {isa = PBXFileReference; fileEncoding = 4; lastKnownFileType = file.xib; path = GroupCell.xib; sourceTree = "<group>"; };
		B679DD1D1E8BF65D000744E8 /* UserInfoCell.swift */ = {isa = PBXFileReference; fileEncoding = 4; lastKnownFileType = sourcecode.swift; path = UserInfoCell.swift; sourceTree = "<group>"; };
		B679DD1E1E8BF65D000744E8 /* UserInfoCell.xib */ = {isa = PBXFileReference; fileEncoding = 4; lastKnownFileType = file.xib; path = UserInfoCell.xib; sourceTree = "<group>"; };
		B679DD231E8BFFB4000744E8 /* ActivitiesViewController.swift */ = {isa = PBXFileReference; fileEncoding = 4; lastKnownFileType = sourcecode.swift; path = ActivitiesViewController.swift; sourceTree = "<group>"; };
		B679DD241E8BFFB4000744E8 /* ActivitiesViewController.xib */ = {isa = PBXFileReference; fileEncoding = 4; lastKnownFileType = file.xib; path = ActivitiesViewController.xib; sourceTree = "<group>"; };
		B679DD271E8C00D9000744E8 /* ProfileGroupsViewController.swift */ = {isa = PBXFileReference; fileEncoding = 4; lastKnownFileType = sourcecode.swift; path = ProfileGroupsViewController.swift; sourceTree = "<group>"; };
		B679DD281E8C00D9000744E8 /* ProfileGroupsViewController.xib */ = {isa = PBXFileReference; fileEncoding = 4; lastKnownFileType = file.xib; path = ProfileGroupsViewController.xib; sourceTree = "<group>"; };
		B679DD2B1E8C00EF000744E8 /* ProfileRecordsViewController.swift */ = {isa = PBXFileReference; fileEncoding = 4; lastKnownFileType = sourcecode.swift; path = ProfileRecordsViewController.swift; sourceTree = "<group>"; };
		B679DD2C1E8C00EF000744E8 /* ProfileRecordsViewController.xib */ = {isa = PBXFileReference; fileEncoding = 4; lastKnownFileType = file.xib; path = ProfileRecordsViewController.xib; sourceTree = "<group>"; };
		B68177A41E7E93BC00FF760F /* CICRun-Header.h */ = {isa = PBXFileReference; lastKnownFileType = sourcecode.c.h; path = "CICRun-Header.h"; sourceTree = "<group>"; };
		B68177A51E7EC6B800FF760F /* ExploreViewController.swift */ = {isa = PBXFileReference; fileEncoding = 4; lastKnownFileType = sourcecode.swift; path = ExploreViewController.swift; sourceTree = "<group>"; };
		B68177A61E7EC6B800FF760F /* ExploreViewController.xib */ = {isa = PBXFileReference; fileEncoding = 4; lastKnownFileType = file.xib; path = ExploreViewController.xib; sourceTree = "<group>"; };
		B68177A91E7ED1E500FF760F /* TrackingViewController.swift */ = {isa = PBXFileReference; fileEncoding = 4; lastKnownFileType = sourcecode.swift; path = TrackingViewController.swift; sourceTree = "<group>"; };
		B68177AA1E7ED1E500FF760F /* TrackingViewController.xib */ = {isa = PBXFileReference; fileEncoding = 4; lastKnownFileType = file.xib; path = TrackingViewController.xib; sourceTree = "<group>"; };
		B68177AD1E7ED20200FF760F /* GroupViewController.swift */ = {isa = PBXFileReference; fileEncoding = 4; lastKnownFileType = sourcecode.swift; path = GroupViewController.swift; sourceTree = "<group>"; };
		B68177AE1E7ED20200FF760F /* GroupViewController.xib */ = {isa = PBXFileReference; fileEncoding = 4; lastKnownFileType = file.xib; path = GroupViewController.xib; sourceTree = "<group>"; };
		B6860B631E8563AD0008B06A /* TextSettingCell.swift */ = {isa = PBXFileReference; fileEncoding = 4; lastKnownFileType = sourcecode.swift; path = TextSettingCell.swift; sourceTree = "<group>"; };
		B6860B641E8563AD0008B06A /* TextSettingCell.xib */ = {isa = PBXFileReference; fileEncoding = 4; lastKnownFileType = file.xib; path = TextSettingCell.xib; sourceTree = "<group>"; };
		B6860B671E8566F70008B06A /* NotificationCell.swift */ = {isa = PBXFileReference; fileEncoding = 4; lastKnownFileType = sourcecode.swift; path = NotificationCell.swift; sourceTree = "<group>"; };
		B6860B681E8566F70008B06A /* NotificationCell.xib */ = {isa = PBXFileReference; fileEncoding = 4; lastKnownFileType = file.xib; path = NotificationCell.xib; sourceTree = "<group>"; };
		B6860B6B1E85776C0008B06A /* DisclosureIndicatorCell.swift */ = {isa = PBXFileReference; fileEncoding = 4; lastKnownFileType = sourcecode.swift; path = DisclosureIndicatorCell.swift; sourceTree = "<group>"; };
		B6860B6C1E85776C0008B06A /* DisclosureIndicatorCell.xib */ = {isa = PBXFileReference; fileEncoding = 4; lastKnownFileType = file.xib; path = DisclosureIndicatorCell.xib; sourceTree = "<group>"; };
		B68D08211E7E2A9100DC971F /* LoginViewController.swift */ = {isa = PBXFileReference; fileEncoding = 4; lastKnownFileType = sourcecode.swift; path = LoginViewController.swift; sourceTree = "<group>"; };
		B68D08221E7E2A9100DC971F /* LoginViewController.xib */ = {isa = PBXFileReference; fileEncoding = 4; lastKnownFileType = file.xib; path = LoginViewController.xib; sourceTree = "<group>"; };
		B6946A2E1E97B39700931B0F /* Group.swift */ = {isa = PBXFileReference; fileEncoding = 4; lastKnownFileType = sourcecode.swift; path = Group.swift; sourceTree = "<group>"; };
		B6946A351E97F3F500931B0F /* ChallengeViewController.swift */ = {isa = PBXFileReference; fileEncoding = 4; lastKnownFileType = sourcecode.swift; path = ChallengeViewController.swift; sourceTree = "<group>"; };
		B6946A361E97F3F500931B0F /* ChallengeViewController.xib */ = {isa = PBXFileReference; fileEncoding = 4; lastKnownFileType = file.xib; path = ChallengeViewController.xib; sourceTree = "<group>"; };
		B6A6C26D1E76DF550021EFC0 /* RaceMe.app */ = {isa = PBXFileReference; explicitFileType = wrapper.application; includeInIndex = 0; path = RaceMe.app; sourceTree = BUILT_PRODUCTS_DIR; };
		B6A6C2701E76DF550021EFC0 /* AppDelegate.swift */ = {isa = PBXFileReference; lastKnownFileType = sourcecode.swift; path = AppDelegate.swift; sourceTree = "<group>"; };
		B6A6C27A1E76DF550021EFC0 /* Base */ = {isa = PBXFileReference; lastKnownFileType = file.storyboard; name = Base; path = Base.lproj/LaunchScreen.storyboard; sourceTree = "<group>"; };
		B6A6C27C1E76DF550021EFC0 /* Info.plist */ = {isa = PBXFileReference; lastKnownFileType = text.plist.xml; path = Info.plist; sourceTree = "<group>"; };
		B6B068B51E9A4B8B0095875D /* GroupInfoCell.swift */ = {isa = PBXFileReference; fileEncoding = 4; lastKnownFileType = sourcecode.swift; path = GroupInfoCell.swift; sourceTree = "<group>"; };
		B6B068B61E9A4B8B0095875D /* GroupInfoCell.xib */ = {isa = PBXFileReference; fileEncoding = 4; lastKnownFileType = file.xib; path = GroupInfoCell.xib; sourceTree = "<group>"; };
		B6B068B91E9A750C0095875D /* MemberCell.swift */ = {isa = PBXFileReference; fileEncoding = 4; lastKnownFileType = sourcecode.swift; path = MemberCell.swift; sourceTree = "<group>"; };
		B6B068BA1E9A750C0095875D /* MemberCell.xib */ = {isa = PBXFileReference; fileEncoding = 4; lastKnownFileType = file.xib; path = MemberCell.xib; sourceTree = "<group>"; };
		B6BB4BF31E86C7EF0054C965 /* RightDetailCell.swift */ = {isa = PBXFileReference; fileEncoding = 4; lastKnownFileType = sourcecode.swift; path = RightDetailCell.swift; sourceTree = "<group>"; };
		B6BB4BF41E86C7EF0054C965 /* RightDetailCell.xib */ = {isa = PBXFileReference; fileEncoding = 4; lastKnownFileType = file.xib; path = RightDetailCell.xib; sourceTree = "<group>"; };
		B6BB4BF71E86CE610054C965 /* PickerSettingCell.swift */ = {isa = PBXFileReference; fileEncoding = 4; lastKnownFileType = sourcecode.swift; path = PickerSettingCell.swift; sourceTree = "<group>"; };
		B6BB4BF81E86CE610054C965 /* PickerSettingCell.xib */ = {isa = PBXFileReference; fileEncoding = 4; lastKnownFileType = file.xib; path = PickerSettingCell.xib; sourceTree = "<group>"; };
		B6C69ABB1E99058F003541C5 /* GroupDetailViewController.swift */ = {isa = PBXFileReference; fileEncoding = 4; lastKnownFileType = sourcecode.swift; path = GroupDetailViewController.swift; sourceTree = "<group>"; };
		B6C69ABC1E99058F003541C5 /* GroupDetailViewController.xib */ = {isa = PBXFileReference; fileEncoding = 4; lastKnownFileType = file.xib; path = GroupDetailViewController.xib; sourceTree = "<group>"; };
		B6CF33F41E8CB5860087614C /* RightDetailArrowCell.swift */ = {isa = PBXFileReference; fileEncoding = 4; lastKnownFileType = sourcecode.swift; path = RightDetailArrowCell.swift; sourceTree = "<group>"; };
		B6CF33F51E8CB5860087614C /* RightDetailArrowCell.xib */ = {isa = PBXFileReference; fileEncoding = 4; lastKnownFileType = file.xib; path = RightDetailArrowCell.xib; sourceTree = "<group>"; };
		B6F520041E84FF860071E361 /* ProfileSettingsViewController.swift */ = {isa = PBXFileReference; fileEncoding = 4; lastKnownFileType = sourcecode.swift; path = ProfileSettingsViewController.swift; sourceTree = "<group>"; };
		B6F520051E84FF860071E361 /* ProfileSettingsViewController.xib */ = {isa = PBXFileReference; fileEncoding = 4; lastKnownFileType = file.xib; path = ProfileSettingsViewController.xib; sourceTree = "<group>"; };
		B6F520081E8500A90071E361 /* NotificationsViewController.swift */ = {isa = PBXFileReference; fileEncoding = 4; lastKnownFileType = sourcecode.swift; path = NotificationsViewController.swift; sourceTree = "<group>"; };
		B6F520091E8500A90071E361 /* NotificationsViewController.xib */ = {isa = PBXFileReference; fileEncoding = 4; lastKnownFileType = file.xib; path = NotificationsViewController.xib; sourceTree = "<group>"; };
		D902147A1E8A6EC3000DB7DF /* RouteAnnotation.swift */ = {isa = PBXFileReference; fileEncoding = 4; lastKnownFileType = sourcecode.swift; path = RouteAnnotation.swift; sourceTree = "<group>"; };
		D93253341E9C917400C59630 /* AddChallengeVC.swift */ = {isa = PBXFileReference; fileEncoding = 4; lastKnownFileType = sourcecode.swift; path = AddChallengeVC.swift; sourceTree = "<group>"; };
		D93253351E9C917400C59630 /* AddChallengeVC.xib */ = {isa = PBXFileReference; fileEncoding = 4; lastKnownFileType = file.xib; path = AddChallengeVC.xib; sourceTree = "<group>"; };
		D938E2741E9B9C1B0058CBCD /* ChallengeViewCell.swift */ = {isa = PBXFileReference; fileEncoding = 4; lastKnownFileType = sourcecode.swift; path = ChallengeViewCell.swift; sourceTree = "<group>"; };
		D938E2751E9B9C1B0058CBCD /* ChallengeViewCell.xib */ = {isa = PBXFileReference; fileEncoding = 4; lastKnownFileType = file.xib; path = ChallengeViewCell.xib; sourceTree = "<group>"; };
		D9433ABF1E8521DB00F085B3 /* Route.swift */ = {isa = PBXFileReference; fileEncoding = 4; lastKnownFileType = sourcecode.swift; path = Route.swift; sourceTree = "<group>"; };
		D94C62CB1E93A232000E5A5E /* ScheduleVC.swift */ = {isa = PBXFileReference; fileEncoding = 4; lastKnownFileType = sourcecode.swift; path = ScheduleVC.swift; sourceTree = "<group>"; };
		D94C62CC1E93A232000E5A5E /* ScheduleVC.xib */ = {isa = PBXFileReference; fileEncoding = 4; lastKnownFileType = file.xib; path = ScheduleVC.xib; sourceTree = "<group>"; };
		D94C62CF1E93D5CE000E5A5E /* ParticipantViewCell.swift */ = {isa = PBXFileReference; fileEncoding = 4; lastKnownFileType = sourcecode.swift; path = ParticipantViewCell.swift; sourceTree = "<group>"; };
		D94C62D01E93D5CE000E5A5E /* ParticipantViewCell.xib */ = {isa = PBXFileReference; fileEncoding = 4; lastKnownFileType = file.xib; path = ParticipantViewCell.xib; sourceTree = "<group>"; };
		D96BFB511E99CEBD002719A9 /* Utils.swift */ = {isa = PBXFileReference; fileEncoding = 4; lastKnownFileType = sourcecode.swift; path = Utils.swift; sourceTree = "<group>"; };
		D9A4F8811E9BD96D00558860 /* Challenge.swift */ = {isa = PBXFileReference; fileEncoding = 4; lastKnownFileType = sourcecode.swift; path = Challenge.swift; sourceTree = "<group>"; };
		D9D35EFF1E925963008C3AB3 /* ScheduleCell.swift */ = {isa = PBXFileReference; fileEncoding = 4; lastKnownFileType = sourcecode.swift; path = ScheduleCell.swift; sourceTree = "<group>"; };
		D9D35F001E925963008C3AB3 /* ScheduleCell.xib */ = {isa = PBXFileReference; fileEncoding = 4; lastKnownFileType = file.xib; path = ScheduleCell.xib; sourceTree = "<group>"; };
		D9D35F031E929E23008C3AB3 /* UserObject.swift */ = {isa = PBXFileReference; fileEncoding = 4; lastKnownFileType = sourcecode.swift; path = UserObject.swift; sourceTree = "<group>"; };
		D9D9DF171E81057C008C086C /* Location.swift */ = {isa = PBXFileReference; fileEncoding = 4; lastKnownFileType = sourcecode.swift; path = Location.swift; sourceTree = "<group>"; };
		D9D9DF191E810991008C086C /* Workout.swift */ = {isa = PBXFileReference; fileEncoding = 4; lastKnownFileType = sourcecode.swift; path = Workout.swift; sourceTree = "<group>"; };
		D9D9DF1B1E810EB5008C086C /* Constants.swift */ = {isa = PBXFileReference; fileEncoding = 4; lastKnownFileType = sourcecode.swift; path = Constants.swift; sourceTree = "<group>"; };
		D9DA30B41E8AA65500F10849 /* UserProfileCell.swift */ = {isa = PBXFileReference; fileEncoding = 4; lastKnownFileType = sourcecode.swift; path = UserProfileCell.swift; sourceTree = "<group>"; };
		D9DA30B51E8AA65500F10849 /* UserProfileCell.xib */ = {isa = PBXFileReference; fileEncoding = 4; lastKnownFileType = file.xib; path = UserProfileCell.xib; sourceTree = "<group>"; };
		D9DA30BD1E91490D00F10849 /* Assets.xcassets */ = {isa = PBXFileReference; lastKnownFileType = folder.assetcatalog; path = Assets.xcassets; sourceTree = "<group>"; };
		D9DA30C21E91F52C00F10849 /* CustomPinView.swift */ = {isa = PBXFileReference; fileEncoding = 4; lastKnownFileType = sourcecode.swift; path = CustomPinView.swift; sourceTree = "<group>"; };
		D9DA30C41E91F54100F10849 /* CustomPinView.xib */ = {isa = PBXFileReference; fileEncoding = 4; lastKnownFileType = file.xib; path = CustomPinView.xib; sourceTree = "<group>"; };
		D9DA30C61E92395E00F10849 /* RouteDetailVC.swift */ = {isa = PBXFileReference; fileEncoding = 4; lastKnownFileType = sourcecode.swift; path = RouteDetailVC.swift; sourceTree = "<group>"; };
		D9DA30C71E92395E00F10849 /* RouteDetailVC.xib */ = {isa = PBXFileReference; fileEncoding = 4; lastKnownFileType = file.xib; path = RouteDetailVC.xib; sourceTree = "<group>"; };
		D9F7B2011E88119600B692FF /* SelectTimeViewController.swift */ = {isa = PBXFileReference; fileEncoding = 4; lastKnownFileType = sourcecode.swift; path = SelectTimeViewController.swift; sourceTree = "<group>"; };
		D9F7B2021E88119600B692FF /* SelectTimeViewController.xib */ = {isa = PBXFileReference; fileEncoding = 4; lastKnownFileType = file.xib; path = SelectTimeViewController.xib; sourceTree = "<group>"; };
		D9F7B2031E88119600B692FF /* TextOnlyTableViewCell.swift */ = {isa = PBXFileReference; fileEncoding = 4; lastKnownFileType = sourcecode.swift; path = TextOnlyTableViewCell.swift; sourceTree = "<group>"; };
		D9F7B2041E88119600B692FF /* TextOnlyTableViewCell.xib */ = {isa = PBXFileReference; fileEncoding = 4; lastKnownFileType = file.xib; path = TextOnlyTableViewCell.xib; sourceTree = "<group>"; };
		D9F7B2091E8817AB00B692FF /* WorkoutObject.swift */ = {isa = PBXFileReference; fileEncoding = 4; lastKnownFileType = sourcecode.swift; path = WorkoutObject.swift; sourceTree = "<group>"; };
		D9F7B20F1E88BFF400B692FF /* GeoFire.h */ = {isa = PBXFileReference; fileEncoding = 4; lastKnownFileType = sourcecode.c.h; path = GeoFire.h; sourceTree = "<group>"; };
		D9F7B2101E88BFF400B692FF /* GFCircleQuery.h */ = {isa = PBXFileReference; fileEncoding = 4; lastKnownFileType = sourcecode.c.h; path = GFCircleQuery.h; sourceTree = "<group>"; };
		D9F7B2111E88BFF400B692FF /* GFQuery.h */ = {isa = PBXFileReference; fileEncoding = 4; lastKnownFileType = sourcecode.c.h; path = GFQuery.h; sourceTree = "<group>"; };
		D9F7B2121E88BFF400B692FF /* GFRegionQuery.h */ = {isa = PBXFileReference; fileEncoding = 4; lastKnownFileType = sourcecode.c.h; path = GFRegionQuery.h; sourceTree = "<group>"; };
		D9F7B2131E88BFF400B692FF /* GeoFire-Prefix.pch */ = {isa = PBXFileReference; fileEncoding = 4; lastKnownFileType = sourcecode.c.h; path = "GeoFire-Prefix.pch"; sourceTree = "<group>"; };
		D9F7B2151E88BFF400B692FF /* GeoFire+Private.h */ = {isa = PBXFileReference; fileEncoding = 4; lastKnownFileType = sourcecode.c.h; path = "GeoFire+Private.h"; sourceTree = "<group>"; };
		D9F7B2161E88BFF500B692FF /* GeoFire.m */ = {isa = PBXFileReference; fileEncoding = 4; lastKnownFileType = sourcecode.c.objc; path = GeoFire.m; sourceTree = "<group>"; };
		D9F7B2171E88BFF500B692FF /* GFBase32Utils.h */ = {isa = PBXFileReference; fileEncoding = 4; lastKnownFileType = sourcecode.c.h; path = GFBase32Utils.h; sourceTree = "<group>"; };
		D9F7B2181E88BFF500B692FF /* GFBase32Utils.m */ = {isa = PBXFileReference; fileEncoding = 4; lastKnownFileType = sourcecode.c.objc; path = GFBase32Utils.m; sourceTree = "<group>"; };
		D9F7B2191E88BFF500B692FF /* GFGeoHash.h */ = {isa = PBXFileReference; fileEncoding = 4; lastKnownFileType = sourcecode.c.h; path = GFGeoHash.h; sourceTree = "<group>"; };
		D9F7B21A1E88BFF500B692FF /* GFGeoHash.m */ = {isa = PBXFileReference; fileEncoding = 4; lastKnownFileType = sourcecode.c.objc; path = GFGeoHash.m; sourceTree = "<group>"; };
		D9F7B21B1E88BFF500B692FF /* GFGeoHashQuery.h */ = {isa = PBXFileReference; fileEncoding = 4; lastKnownFileType = sourcecode.c.h; path = GFGeoHashQuery.h; sourceTree = "<group>"; };
		D9F7B21C1E88BFF500B692FF /* GFGeoHashQuery.m */ = {isa = PBXFileReference; fileEncoding = 4; lastKnownFileType = sourcecode.c.objc; path = GFGeoHashQuery.m; sourceTree = "<group>"; };
		D9F7B21D1E88BFF500B692FF /* GFQuery+Private.h */ = {isa = PBXFileReference; fileEncoding = 4; lastKnownFileType = sourcecode.c.h; path = "GFQuery+Private.h"; sourceTree = "<group>"; };
		D9F7B21E1E88BFF500B692FF /* GFQuery.m */ = {isa = PBXFileReference; fileEncoding = 4; lastKnownFileType = sourcecode.c.objc; path = GFQuery.m; sourceTree = "<group>"; };
		D9F7B2251E89312A00B692FF /* Event.swift */ = {isa = PBXFileReference; fileEncoding = 4; lastKnownFileType = sourcecode.swift; path = Event.swift; sourceTree = "<group>"; };
		E1DD169E40379E9D88C93CD3 /* Pods-RaceMe.release.xcconfig */ = {isa = PBXFileReference; includeInIndex = 1; lastKnownFileType = text.xcconfig; name = "Pods-RaceMe.release.xcconfig"; path = "Pods/Target Support Files/Pods-RaceMe/Pods-RaceMe.release.xcconfig"; sourceTree = "<group>"; };
/* End PBXFileReference section */

/* Begin PBXFrameworksBuildPhase section */
		B6A6C26A1E76DF550021EFC0 /* Frameworks */ = {
			isa = PBXFrameworksBuildPhase;
			buildActionMask = 2147483647;
			files = (
				F9A83EC7A4DE1D966E3007CF /* Pods_RaceMe.framework in Frameworks */,
			);
			runOnlyForDeploymentPostprocessing = 0;
		};
/* End PBXFrameworksBuildPhase section */

/* Begin PBXGroup section */
		377C58573ABCFBD1DB4C733D /* Frameworks */ = {
			isa = PBXGroup;
			children = (
				3A28C2AE7E9D86DF268ED474 /* Pods_RaceMe.framework */,
			);
			name = Frameworks;
			sourceTree = "<group>";
		};
		8C3F4CED547B237FEF0507D8 /* Pods */ = {
			isa = PBXGroup;
			children = (
				B5E4083712718B9C48665E65 /* Pods-RaceMe.debug.xcconfig */,
				E1DD169E40379E9D88C93CD3 /* Pods-RaceMe.release.xcconfig */,
			);
			name = Pods;
			sourceTree = "<group>";
		};
		B20F76201E927D8D00BA52FE /* Fonts */ = {
			isa = PBXGroup;
			children = (
				B20F76211E927D9F00BA52FE /* OpenSans-Bold.ttf */,
				B20F76221E927D9F00BA52FE /* OpenSans-BoldItalic.ttf */,
				B20F76231E927D9F00BA52FE /* OpenSans-ExtraBold.ttf */,
				B20F76241E927D9F00BA52FE /* OpenSans-ExtraBoldItalic.ttf */,
				B20F76251E927D9F00BA52FE /* OpenSans-Italic.ttf */,
				B20F76261E927D9F00BA52FE /* OpenSans-Light.ttf */,
				B20F76271E927D9F00BA52FE /* OpenSans-LightItalic.ttf */,
				B20F76281E927D9F00BA52FE /* OpenSans-Regular.ttf */,
				B20F76291E927D9F00BA52FE /* OpenSans-Semibold.ttf */,
				B20F762A1E927D9F00BA52FE /* OpenSans-SemiboldItalic.ttf */,
			);
			name = Fonts;
			sourceTree = "<group>";
		};
		B671E7231E988B950035600F /* Group */ = {
			isa = PBXGroup;
			children = (
				B671E7271E988FC80035600F /* GroupCell.swift */,
				B671E7281E988FC80035600F /* GroupCell.xib */,
				B6B068B51E9A4B8B0095875D /* GroupInfoCell.swift */,
				B6B068B61E9A4B8B0095875D /* GroupInfoCell.xib */,
				B6B068B91E9A750C0095875D /* MemberCell.swift */,
				B6B068BA1E9A750C0095875D /* MemberCell.xib */,
			);
			name = Group;
			sourceTree = "<group>";
		};
		B671E7241E988BA60035600F /* Profile */ = {
			isa = PBXGroup;
			children = (
				B6860B671E8566F70008B06A /* NotificationCell.swift */,
				B6860B681E8566F70008B06A /* NotificationCell.xib */,
				D9DA30B41E8AA65500F10849 /* UserProfileCell.swift */,
				D9DA30B51E8AA65500F10849 /* UserProfileCell.xib */,
				B679DD1D1E8BF65D000744E8 /* UserInfoCell.swift */,
				B679DD1E1E8BF65D000744E8 /* UserInfoCell.xib */,
				B65F1AD91E82E24F009E526B /* UserStatisticsView.swift */,
				B65F1AD71E82E12E009E526B /* UserStatistics.xib */,
			);
			name = Profile;
			sourceTree = "<group>";
		};
		B68D081E1E7E2A1D00DC971F /* Controllers */ = {
			isa = PBXGroup;
			children = (
				B24758F81E9697A9009CF595 /* LoginVC.swift */,
				B68D08211E7E2A9100DC971F /* LoginViewController.swift */,
				B68D08221E7E2A9100DC971F /* LoginViewController.xib */,
				B6946A331E97B70C00931B0F /* Explore */,
				B6946A341E97F37C00931B0F /* Challenge */,
				B6946A321E97B6E300931B0F /* Tracking */,
				B6946A311E97B6D100931B0F /* Group */,
				B6946A301E97B6AF00931B0F /* Profile */,
			);
			name = Controllers;
			sourceTree = "<group>";
		};
		B68D081F1E7E2A3500DC971F /* Views */ = {
			isa = PBXGroup;
			children = (
				B671E7241E988BA60035600F /* Profile */,
				B671E7231E988B950035600F /* Group */,
				D94C62D31E93D60E000E5A5E /* Explores */,
				B6860B631E8563AD0008B06A /* TextSettingCell.swift */,
				B6860B641E8563AD0008B06A /* TextSettingCell.xib */,
				B6860B6B1E85776C0008B06A /* DisclosureIndicatorCell.swift */,
				B6860B6C1E85776C0008B06A /* DisclosureIndicatorCell.xib */,
				B6BB4BF31E86C7EF0054C965 /* RightDetailCell.swift */,
				B6BB4BF41E86C7EF0054C965 /* RightDetailCell.xib */,
				B6CF33F41E8CB5860087614C /* RightDetailArrowCell.swift */,
				B6CF33F51E8CB5860087614C /* RightDetailArrowCell.xib */,
				B6BB4BF71E86CE610054C965 /* PickerSettingCell.swift */,
				B6BB4BF81E86CE610054C965 /* PickerSettingCell.xib */,
				B63974441E87B0CA00C3BE9C /* DatePickerSettingCell.swift */,
				B63974451E87B0CA00C3BE9C /* DatePickerSettingCell.xib */,
				D9F7B2011E88119600B692FF /* SelectTimeViewController.swift */,
				D9F7B2021E88119600B692FF /* SelectTimeViewController.xib */,
				D9F7B2031E88119600B692FF /* TextOnlyTableViewCell.swift */,
				D9F7B2041E88119600B692FF /* TextOnlyTableViewCell.xib */,
				B61B85421E940C160008BCF3 /* SlideView.swift */,
				B61B85401E940BFE0008BCF3 /* SlideView.xib */,
				B24758FA1E969A7B009CF595 /* CustomCell.swift */,
			);
			name = Views;
			sourceTree = "<group>";
		};
		B68D08201E7E2A4200DC971F /* Models */ = {
			isa = PBXGroup;
			children = (
				B24758FC1E96A088009CF595 /* Slide.swift */,
				B22978391E83FE1E005F41B3 /* User.swift */,
				D9D35F031E929E23008C3AB3 /* UserObject.swift */,
				D9F7B2251E89312A00B692FF /* Event.swift */,
				D9A4F8811E9BD96D00558860 /* Challenge.swift */,
				D9D9DF171E81057C008C086C /* Location.swift */,
				D9433ABF1E8521DB00F085B3 /* Route.swift */,
				D9D9DF191E810991008C086C /* Workout.swift */,
				D9F7B2091E8817AB00B692FF /* WorkoutObject.swift */,
				B6946A2E1E97B39700931B0F /* Group.swift */,
			);
			name = Models;
			sourceTree = "<group>";
		};
		B6946A301E97B6AF00931B0F /* Profile */ = {
			isa = PBXGroup;
			children = (
				B637D2331E7E4D6700F41A07 /* ProfileViewController.swift */,
				B637D2341E7E4D6700F41A07 /* ProfileViewController.xib */,
				B6F520041E84FF860071E361 /* ProfileSettingsViewController.swift */,
				B6F520051E84FF860071E361 /* ProfileSettingsViewController.xib */,
				B679DD271E8C00D9000744E8 /* ProfileGroupsViewController.swift */,
				B679DD281E8C00D9000744E8 /* ProfileGroupsViewController.xib */,
				B679DD2B1E8C00EF000744E8 /* ProfileRecordsViewController.swift */,
				B679DD2C1E8C00EF000744E8 /* ProfileRecordsViewController.xib */,
				B679DD231E8BFFB4000744E8 /* ActivitiesViewController.swift */,
				B679DD241E8BFFB4000744E8 /* ActivitiesViewController.xib */,
				B6492DC11E954E0900C490F0 /* ActivityDetailsViewController.swift */,
				B6492DC21E954E0900C490F0 /* ActivityDetailsViewController.xib */,
				B6F520081E8500A90071E361 /* NotificationsViewController.swift */,
				B6F520091E8500A90071E361 /* NotificationsViewController.xib */,
				B637D2371E7E4DA900F41A07 /* FindFriendsViewController.swift */,
				B637D2381E7E4DA900F41A07 /* FindFriendsViewController.xib */,
			);
			name = Profile;
			sourceTree = "<group>";
		};
		B6946A311E97B6D100931B0F /* Group */ = {
			isa = PBXGroup;
			children = (
				B68177AD1E7ED20200FF760F /* GroupViewController.swift */,
				B68177AE1E7ED20200FF760F /* GroupViewController.xib */,
				B671E71F1E988B4B0035600F /* AddGroupViewController.swift */,
				B671E7201E988B4B0035600F /* AddGroupViewController.xib */,
				B6C69ABB1E99058F003541C5 /* GroupDetailViewController.swift */,
				B6C69ABC1E99058F003541C5 /* GroupDetailViewController.xib */,
			);
			name = Group;
			sourceTree = "<group>";
		};
		B6946A321E97B6E300931B0F /* Tracking */ = {
			isa = PBXGroup;
			children = (
				B68177A91E7ED1E500FF760F /* TrackingViewController.swift */,
				B68177AA1E7ED1E500FF760F /* TrackingViewController.xib */,
				B22978351E83FD85005F41B3 /* RecordViewController.swift */,
				B22D9D7A1E861B7B00BE961E /* RunTrackingVC.swift */,
				B225DB061E8CB57D00AE7A2D /* ManualEntryController.swift */,
				B229783F1E840127005F41B3 /* RunSummaryViewController.swift */,
			);
			name = Tracking;
			sourceTree = "<group>";
		};
		B6946A331E97B70C00931B0F /* Explore */ = {
			isa = PBXGroup;
			children = (
				B68177A51E7EC6B800FF760F /* ExploreViewController.swift */,
				B68177A61E7EC6B800FF760F /* ExploreViewController.xib */,
				D9DA30C61E92395E00F10849 /* RouteDetailVC.swift */,
				D9DA30C71E92395E00F10849 /* RouteDetailVC.xib */,
				D94C62CB1E93A232000E5A5E /* ScheduleVC.swift */,
				D94C62CC1E93A232000E5A5E /* ScheduleVC.xib */,
			);
			name = Explore;
			sourceTree = "<group>";
		};
		B6946A341E97F37C00931B0F /* Challenge */ = {
			isa = PBXGroup;
			children = (
				B6946A351E97F3F500931B0F /* ChallengeViewController.swift */,
				B6946A361E97F3F500931B0F /* ChallengeViewController.xib */,
				D93253341E9C917400C59630 /* AddChallengeVC.swift */,
				D93253351E9C917400C59630 /* AddChallengeVC.xib */,
				D938E2741E9B9C1B0058CBCD /* ChallengeViewCell.swift */,
				D938E2751E9B9C1B0058CBCD /* ChallengeViewCell.xib */,
			);
			name = Challenge;
			sourceTree = "<group>";
		};
		B6A6C2641E76DF550021EFC0 = {
			isa = PBXGroup;
			children = (
				B20F76201E927D8D00BA52FE /* Fonts */,
				D9F7B20D1E88BFF400B692FF /* GeoFire */,
				B6A6C26F1E76DF550021EFC0 /* RaceMe */,
				B6A6C26E1E76DF550021EFC0 /* Products */,
				8C3F4CED547B237FEF0507D8 /* Pods */,
				377C58573ABCFBD1DB4C733D /* Frameworks */,
			);
			sourceTree = "<group>";
		};
		B6A6C26E1E76DF550021EFC0 /* Products */ = {
			isa = PBXGroup;
			children = (
				B6A6C26D1E76DF550021EFC0 /* RaceMe.app */,
			);
			name = Products;
			sourceTree = "<group>";
		};
		B6A6C26F1E76DF550021EFC0 /* RaceMe */ = {
			isa = PBXGroup;
			children = (
				B68177A41E7E93BC00FF760F /* CICRun-Header.h */,
				B68D08201E7E2A4200DC971F /* Models */,
				B68D081F1E7E2A3500DC971F /* Views */,
				B68D081E1E7E2A1D00DC971F /* Controllers */,
				B6A6C2701E76DF550021EFC0 /* AppDelegate.swift */,
				D9DA30BD1E91490D00F10849 /* Assets.xcassets */,
				D9D9DF1B1E810EB5008C086C /* Constants.swift */,
				D96BFB511E99CEBD002719A9 /* Utils.swift */,
				B229783B1E840066005F41B3 /* Extensions.swift */,
				B637D2251E7E2F6600F41A07 /* Main.storyboard */,
				B6A6C2791E76DF550021EFC0 /* LaunchScreen.storyboard */,
				B29EAD3E1E95F97C00396A00 /* GoogleService-Info.plist */,
				B6A6C27C1E76DF550021EFC0 /* Info.plist */,
			);
			path = RaceMe;
			sourceTree = "<group>";
		};
		D94C62D31E93D60E000E5A5E /* Explores */ = {
			isa = PBXGroup;
			children = (
				D902147A1E8A6EC3000DB7DF /* RouteAnnotation.swift */,
				D94C62CF1E93D5CE000E5A5E /* ParticipantViewCell.swift */,
				D94C62D01E93D5CE000E5A5E /* ParticipantViewCell.xib */,
				D9DA30C21E91F52C00F10849 /* CustomPinView.swift */,
				D9DA30C41E91F54100F10849 /* CustomPinView.xib */,
				D9D35EFF1E925963008C3AB3 /* ScheduleCell.swift */,
				D9D35F001E925963008C3AB3 /* ScheduleCell.xib */,
			);
			name = Explores;
			sourceTree = "<group>";
		};
		D9F7B20D1E88BFF400B692FF /* GeoFire */ = {
			isa = PBXGroup;
			children = (
				D9F7B20E1E88BFF400B692FF /* API */,
				D9F7B2131E88BFF400B692FF /* GeoFire-Prefix.pch */,
				D9F7B2141E88BFF400B692FF /* Implementation */,
			);
			path = GeoFire;
			sourceTree = "<group>";
		};
		D9F7B20E1E88BFF400B692FF /* API */ = {
			isa = PBXGroup;
			children = (
				D9F7B20F1E88BFF400B692FF /* GeoFire.h */,
				D9F7B2101E88BFF400B692FF /* GFCircleQuery.h */,
				D9F7B2111E88BFF400B692FF /* GFQuery.h */,
				D9F7B2121E88BFF400B692FF /* GFRegionQuery.h */,
			);
			path = API;
			sourceTree = "<group>";
		};
		D9F7B2141E88BFF400B692FF /* Implementation */ = {
			isa = PBXGroup;
			children = (
				D9F7B2151E88BFF400B692FF /* GeoFire+Private.h */,
				D9F7B2161E88BFF500B692FF /* GeoFire.m */,
				D9F7B2171E88BFF500B692FF /* GFBase32Utils.h */,
				D9F7B2181E88BFF500B692FF /* GFBase32Utils.m */,
				D9F7B2191E88BFF500B692FF /* GFGeoHash.h */,
				D9F7B21A1E88BFF500B692FF /* GFGeoHash.m */,
				D9F7B21B1E88BFF500B692FF /* GFGeoHashQuery.h */,
				D9F7B21C1E88BFF500B692FF /* GFGeoHashQuery.m */,
				D9F7B21D1E88BFF500B692FF /* GFQuery+Private.h */,
				D9F7B21E1E88BFF500B692FF /* GFQuery.m */,
			);
			path = Implementation;
			sourceTree = "<group>";
		};
/* End PBXGroup section */

/* Begin PBXNativeTarget section */
		B6A6C26C1E76DF550021EFC0 /* RaceMe */ = {
			isa = PBXNativeTarget;
			buildConfigurationList = B6A6C27F1E76DF550021EFC0 /* Build configuration list for PBXNativeTarget "RaceMe" */;
			buildPhases = (
				B3ADF545CE0EAF636A57144B /* [CP] Check Pods Manifest.lock */,
				B6A6C2691E76DF550021EFC0 /* Sources */,
				B6A6C26A1E76DF550021EFC0 /* Frameworks */,
				B6A6C26B1E76DF550021EFC0 /* Resources */,
				40745AFA9EF44EDCEDD92803 /* [CP] Embed Pods Frameworks */,
				1D80B481310B7DDC1DCD8F2E /* [CP] Copy Pods Resources */,
				B6A1C2871E8FCE5C00176943 /* ShellScript */,
			);
			buildRules = (
			);
			dependencies = (
			);
			name = RaceMe;
			productName = RaceMe;
			productReference = B6A6C26D1E76DF550021EFC0 /* RaceMe.app */;
			productType = "com.apple.product-type.application";
		};
/* End PBXNativeTarget section */

/* Begin PBXProject section */
		B6A6C2651E76DF550021EFC0 /* Project object */ = {
			isa = PBXProject;
			attributes = {
				LastSwiftUpdateCheck = 0820;
				LastUpgradeCheck = 0820;
				ORGANIZATIONNAME = CoderSchool;
				TargetAttributes = {
					B6A6C26C1E76DF550021EFC0 = {
						CreatedOnToolsVersion = 8.2.1;
						DevelopmentTeam = D7RX787JDX;
						ProvisioningStyle = Automatic;
						SystemCapabilities = {
							com.apple.BackgroundModes = {
								enabled = 1;
							};
							com.apple.Keychain = {
								enabled = 0;
							};
						};
					};
				};
			};
			buildConfigurationList = B6A6C2681E76DF550021EFC0 /* Build configuration list for PBXProject "RaceMe" */;
			compatibilityVersion = "Xcode 3.2";
			developmentRegion = English;
			hasScannedForEncodings = 0;
			knownRegions = (
				en,
				Base,
			);
			mainGroup = B6A6C2641E76DF550021EFC0;
			productRefGroup = B6A6C26E1E76DF550021EFC0 /* Products */;
			projectDirPath = "";
			projectRoot = "";
			targets = (
				B6A6C26C1E76DF550021EFC0 /* RaceMe */,
			);
		};
/* End PBXProject section */

/* Begin PBXResourcesBuildPhase section */
		B6A6C26B1E76DF550021EFC0 /* Resources */ = {
			isa = PBXResourcesBuildPhase;
			buildActionMask = 2147483647;
			files = (
				B20F762F1E927D9F00BA52FE /* OpenSans-Italic.ttf in Resources */,
				D9F7B2081E88119600B692FF /* TextOnlyTableViewCell.xib in Resources */,
				B20F76301E927D9F00BA52FE /* OpenSans-Light.ttf in Resources */,
				B63974471E87B0CA00C3BE9C /* DatePickerSettingCell.xib in Resources */,
				B6946A381E97F3F500931B0F /* ChallengeViewController.xib in Resources */,
				B679DD2A1E8C00D9000744E8 /* ProfileGroupsViewController.xib in Resources */,
				B68177A81E7EC6B800FF760F /* ExploreViewController.xib in Resources */,
				B68D08241E7E2A9100DC971F /* LoginViewController.xib in Resources */,
				B671E72A1E988FC80035600F /* GroupCell.xib in Resources */,
				D9DA30BE1E91490D00F10849 /* Assets.xcassets in Resources */,
				B637D23A1E7E4DA900F41A07 /* FindFriendsViewController.xib in Resources */,
				B679DD261E8BFFB4000744E8 /* ActivitiesViewController.xib in Resources */,
				B6A6C27B1E76DF550021EFC0 /* LaunchScreen.storyboard in Resources */,
				B6C69ABE1E99058F003541C5 /* GroupDetailViewController.xib in Resources */,
				B20F762C1E927D9F00BA52FE /* OpenSans-BoldItalic.ttf in Resources */,
				B20F76331E927D9F00BA52FE /* OpenSans-Semibold.ttf in Resources */,
				D9DA30C91E92395E00F10849 /* RouteDetailVC.xib in Resources */,
				B6B068BC1E9A750C0095875D /* MemberCell.xib in Resources */,
				B6BB4BFA1E86CE610054C965 /* PickerSettingCell.xib in Resources */,
				B20F76321E927D9F00BA52FE /* OpenSans-Regular.ttf in Resources */,
				D94C62D21E93D5CE000E5A5E /* ParticipantViewCell.xib in Resources */,
				B68177B01E7ED20200FF760F /* GroupViewController.xib in Resources */,
				B61B85411E940BFE0008BCF3 /* SlideView.xib in Resources */,
				B20F762E1E927D9F00BA52FE /* OpenSans-ExtraBoldItalic.ttf in Resources */,
				D93253371E9C917400C59630 /* AddChallengeVC.xib in Resources */,
				D94C62CE1E93A232000E5A5E /* ScheduleVC.xib in Resources */,
				B671E7221E988B4B0035600F /* AddGroupViewController.xib in Resources */,
				B68177AC1E7ED1E500FF760F /* TrackingViewController.xib in Resources */,
				B20F76341E927D9F00BA52FE /* OpenSans-SemiboldItalic.ttf in Resources */,
				B6F5200B1E8500A90071E361 /* NotificationsViewController.xib in Resources */,
				B65F1AD81E82E12E009E526B /* UserStatistics.xib in Resources */,
				B6BB4BF61E86C7EF0054C965 /* RightDetailCell.xib in Resources */,
				B20F762D1E927D9F00BA52FE /* OpenSans-ExtraBold.ttf in Resources */,
				B20F76311E927D9F00BA52FE /* OpenSans-LightItalic.ttf in Resources */,
				B637D2361E7E4D6700F41A07 /* ProfileViewController.xib in Resources */,
				B20F762B1E927D9F00BA52FE /* OpenSans-Bold.ttf in Resources */,
				D9DA30B71E8AA65500F10849 /* UserProfileCell.xib in Resources */,
				B6CF33F71E8CB5860087614C /* RightDetailArrowCell.xib in Resources */,
				D9D35F021E925963008C3AB3 /* ScheduleCell.xib in Resources */,
				D9F7B2061E88119600B692FF /* SelectTimeViewController.xib in Resources */,
				B679DD2E1E8C00EF000744E8 /* ProfileRecordsViewController.xib in Resources */,
				B6492DC41E954E0900C490F0 /* ActivityDetailsViewController.xib in Resources */,
				B6B068B81E9A4B8B0095875D /* GroupInfoCell.xib in Resources */,
				B6860B661E8563AD0008B06A /* TextSettingCell.xib in Resources */,
				B637D2261E7E2F6600F41A07 /* Main.storyboard in Resources */,
				B6860B6A1E8566F70008B06A /* NotificationCell.xib in Resources */,
				B679DD201E8BF65D000744E8 /* UserInfoCell.xib in Resources */,
				B6860B6E1E85776C0008B06A /* DisclosureIndicatorCell.xib in Resources */,
				B29EAD3F1E95F97C00396A00 /* GoogleService-Info.plist in Resources */,
				B6F520071E84FF860071E361 /* ProfileSettingsViewController.xib in Resources */,
				D9DA30C51E91F54100F10849 /* CustomPinView.xib in Resources */,
				D938E2771E9B9C1B0058CBCD /* ChallengeViewCell.xib in Resources */,
			);
			runOnlyForDeploymentPostprocessing = 0;
		};
/* End PBXResourcesBuildPhase section */

/* Begin PBXShellScriptBuildPhase section */
		1D80B481310B7DDC1DCD8F2E /* [CP] Copy Pods Resources */ = {
			isa = PBXShellScriptBuildPhase;
			buildActionMask = 2147483647;
			files = (
			);
			inputPaths = (
			);
			name = "[CP] Copy Pods Resources";
			outputPaths = (
			);
			runOnlyForDeploymentPostprocessing = 0;
			shellPath = /bin/sh;
			shellScript = "\"${SRCROOT}/Pods/Target Support Files/Pods-RaceMe/Pods-RaceMe-resources.sh\"\n";
			showEnvVarsInLog = 0;
		};
		40745AFA9EF44EDCEDD92803 /* [CP] Embed Pods Frameworks */ = {
			isa = PBXShellScriptBuildPhase;
			buildActionMask = 2147483647;
			files = (
			);
			inputPaths = (
			);
			name = "[CP] Embed Pods Frameworks";
			outputPaths = (
			);
			runOnlyForDeploymentPostprocessing = 0;
			shellPath = /bin/sh;
			shellScript = "\"${SRCROOT}/Pods/Target Support Files/Pods-RaceMe/Pods-RaceMe-frameworks.sh\"\n";
			showEnvVarsInLog = 0;
		};
		B3ADF545CE0EAF636A57144B /* [CP] Check Pods Manifest.lock */ = {
			isa = PBXShellScriptBuildPhase;
			buildActionMask = 2147483647;
			files = (
			);
			inputPaths = (
			);
			name = "[CP] Check Pods Manifest.lock";
			outputPaths = (
			);
			runOnlyForDeploymentPostprocessing = 0;
			shellPath = /bin/sh;
			shellScript = "diff \"${PODS_ROOT}/../Podfile.lock\" \"${PODS_ROOT}/Manifest.lock\" > /dev/null\nif [ $? != 0 ] ; then\n    # print error to STDERR\n    echo \"error: The sandbox is not in sync with the Podfile.lock. Run 'pod install' or update your CocoaPods installation.\" >&2\n    exit 1\nfi\n";
			showEnvVarsInLog = 0;
		};
		B6A1C2871E8FCE5C00176943 /* ShellScript */ = {
			isa = PBXShellScriptBuildPhase;
			buildActionMask = 2147483647;
			files = (
			);
			inputPaths = (
			);
			outputPaths = (
			);
			runOnlyForDeploymentPostprocessing = 0;
			shellPath = /bin/sh;
			shellScript = "";
		};
/* End PBXShellScriptBuildPhase section */

/* Begin PBXSourcesBuildPhase section */
		B6A6C2691E76DF550021EFC0 /* Sources */ = {
			isa = PBXSourcesBuildPhase;
			buildActionMask = 2147483647;
			files = (
				B22D9D7B1E861B7B00BE961E /* RunTrackingVC.swift in Sources */,
				B637D2351E7E4D6700F41A07 /* ProfileViewController.swift in Sources */,
				B637D2391E7E4DA900F41A07 /* FindFriendsViewController.swift in Sources */,
				D94C62D11E93D5CE000E5A5E /* ParticipantViewCell.swift in Sources */,
				B679DD1F1E8BF65D000744E8 /* UserInfoCell.swift in Sources */,
				D902147B1E8A6EC3000DB7DF /* RouteAnnotation.swift in Sources */,
				D938E2761E9B9C1B0058CBCD /* ChallengeViewCell.swift in Sources */,
				D9433AC01E8521DB00F085B3 /* Route.swift in Sources */,
				D9D9DF181E81057C008C086C /* Location.swift in Sources */,
				B68177A71E7EC6B800FF760F /* ExploreViewController.swift in Sources */,
				B6946A2F1E97B39700931B0F /* Group.swift in Sources */,
				B6860B6D1E85776C0008B06A /* DisclosureIndicatorCell.swift in Sources */,
				B6946A371E97F3F500931B0F /* ChallengeViewController.swift in Sources */,
				B6BB4BF51E86C7EF0054C965 /* RightDetailCell.swift in Sources */,
				D9F7B2261E89312A00B692FF /* Event.swift in Sources */,
				B679DD2D1E8C00EF000744E8 /* ProfileRecordsViewController.swift in Sources */,
				B68177AB1E7ED1E500FF760F /* TrackingViewController.swift in Sources */,
				B24758FB1E969A7B009CF595 /* CustomCell.swift in Sources */,
				B63974461E87B0CA00C3BE9C /* DatePickerSettingCell.swift in Sources */,
				B22978371E83FD85005F41B3 /* RecordViewController.swift in Sources */,
				D93253361E9C917400C59630 /* AddChallengeVC.swift in Sources */,
				D9DA30C31E91F52C00F10849 /* CustomPinView.swift in Sources */,
				B6F520061E84FF860071E361 /* ProfileSettingsViewController.swift in Sources */,
				B671E7291E988FC80035600F /* GroupCell.swift in Sources */,
				B24758FD1E96A088009CF595 /* Slide.swift in Sources */,
				D94C62CD1E93A232000E5A5E /* ScheduleVC.swift in Sources */,
				D9F7B2211E88BFF500B692FF /* GFGeoHash.m in Sources */,
				D9D35F011E925963008C3AB3 /* ScheduleCell.swift in Sources */,
				D9F7B2221E88BFF500B692FF /* GFGeoHashQuery.m in Sources */,
				D9A4F8821E9BD96D00558860 /* Challenge.swift in Sources */,
				D9DA30B61E8AA65500F10849 /* UserProfileCell.swift in Sources */,
				B6860B691E8566F70008B06A /* NotificationCell.swift in Sources */,
				B22978401E840127005F41B3 /* RunSummaryViewController.swift in Sources */,
				D96BFB521E99CEBD002719A9 /* Utils.swift in Sources */,
				B6F5200A1E8500A90071E361 /* NotificationsViewController.swift in Sources */,
				B679DD251E8BFFB4000744E8 /* ActivitiesViewController.swift in Sources */,
				D9F7B2051E88119600B692FF /* SelectTimeViewController.swift in Sources */,
				B6CF33F61E8CB5860087614C /* RightDetailArrowCell.swift in Sources */,
				D9D9DF1C1E810EB5008C086C /* Constants.swift in Sources */,
				B61B85431E940C160008BCF3 /* SlideView.swift in Sources */,
				D9D9DF1A1E810991008C086C /* Workout.swift in Sources */,
				B671E7211E988B4B0035600F /* AddGroupViewController.swift in Sources */,
				B229783C1E840066005F41B3 /* Extensions.swift in Sources */,
				B225DB071E8CB57D00AE7A2D /* ManualEntryController.swift in Sources */,
				B679DD291E8C00D9000744E8 /* ProfileGroupsViewController.swift in Sources */,
				D9DA30C81E92395E00F10849 /* RouteDetailVC.swift in Sources */,
				D9F7B2231E88BFF500B692FF /* GFQuery.m in Sources */,
				B229783A1E83FE1E005F41B3 /* User.swift in Sources */,
				B24758F91E9697A9009CF595 /* LoginVC.swift in Sources */,
				B6860B651E8563AD0008B06A /* TextSettingCell.swift in Sources */,
				B68D08231E7E2A9100DC971F /* LoginViewController.swift in Sources */,
				B6492DC31E954E0900C490F0 /* ActivityDetailsViewController.swift in Sources */,
				B6BB4BF91E86CE610054C965 /* PickerSettingCell.swift in Sources */,
				B65F1ADA1E82E24F009E526B /* UserStatisticsView.swift in Sources */,
				D9D35F041E929E23008C3AB3 /* UserObject.swift in Sources */,
				B6C69ABD1E99058F003541C5 /* GroupDetailViewController.swift in Sources */,
				D9F7B20A1E8817AB00B692FF /* WorkoutObject.swift in Sources */,
				B6B068B71E9A4B8B0095875D /* GroupInfoCell.swift in Sources */,
				D9F7B2071E88119600B692FF /* TextOnlyTableViewCell.swift in Sources */,
				B6B068BB1E9A750C0095875D /* MemberCell.swift in Sources */,
				D9F7B2201E88BFF500B692FF /* GFBase32Utils.m in Sources */,
				B6A6C2711E76DF550021EFC0 /* AppDelegate.swift in Sources */,
				D9F7B21F1E88BFF500B692FF /* GeoFire.m in Sources */,
				B68177AF1E7ED20200FF760F /* GroupViewController.swift in Sources */,
			);
			runOnlyForDeploymentPostprocessing = 0;
		};
/* End PBXSourcesBuildPhase section */

/* Begin PBXVariantGroup section */
		B6A6C2791E76DF550021EFC0 /* LaunchScreen.storyboard */ = {
			isa = PBXVariantGroup;
			children = (
				B6A6C27A1E76DF550021EFC0 /* Base */,
			);
			name = LaunchScreen.storyboard;
			sourceTree = "<group>";
		};
/* End PBXVariantGroup section */

/* Begin XCBuildConfiguration section */
		B6A6C27D1E76DF550021EFC0 /* Debug */ = {
			isa = XCBuildConfiguration;
			buildSettings = {
				ALWAYS_SEARCH_USER_PATHS = NO;
				CLANG_ANALYZER_NONNULL = YES;
				CLANG_CXX_LANGUAGE_STANDARD = "gnu++0x";
				CLANG_CXX_LIBRARY = "libc++";
				CLANG_ENABLE_MODULES = YES;
				CLANG_ENABLE_OBJC_ARC = YES;
				CLANG_WARN_BOOL_CONVERSION = YES;
				CLANG_WARN_CONSTANT_CONVERSION = YES;
				CLANG_WARN_DIRECT_OBJC_ISA_USAGE = YES_ERROR;
				CLANG_WARN_DOCUMENTATION_COMMENTS = YES;
				CLANG_WARN_EMPTY_BODY = YES;
				CLANG_WARN_ENUM_CONVERSION = YES;
				CLANG_WARN_INFINITE_RECURSION = YES;
				CLANG_WARN_INT_CONVERSION = YES;
				CLANG_WARN_OBJC_ROOT_CLASS = YES_ERROR;
				CLANG_WARN_SUSPICIOUS_MOVE = YES;
				CLANG_WARN_UNREACHABLE_CODE = YES;
				CLANG_WARN__DUPLICATE_METHOD_MATCH = YES;
				"CODE_SIGN_IDENTITY[sdk=iphoneos*]" = "iPhone Developer";
				COPY_PHASE_STRIP = NO;
				DEBUG_INFORMATION_FORMAT = dwarf;
				ENABLE_STRICT_OBJC_MSGSEND = YES;
				ENABLE_TESTABILITY = YES;
				GCC_C_LANGUAGE_STANDARD = gnu99;
				GCC_DYNAMIC_NO_PIC = NO;
				GCC_NO_COMMON_BLOCKS = YES;
				GCC_OPTIMIZATION_LEVEL = 0;
				GCC_PREPROCESSOR_DEFINITIONS = (
					"DEBUG=1",
					"$(inherited)",
				);
				GCC_WARN_64_TO_32_BIT_CONVERSION = YES;
				GCC_WARN_ABOUT_RETURN_TYPE = YES_ERROR;
				GCC_WARN_UNDECLARED_SELECTOR = YES;
				GCC_WARN_UNINITIALIZED_AUTOS = YES_AGGRESSIVE;
				GCC_WARN_UNUSED_FUNCTION = YES;
				GCC_WARN_UNUSED_VARIABLE = YES;
				IPHONEOS_DEPLOYMENT_TARGET = 10.2;
				MTL_ENABLE_DEBUG_INFO = YES;
				ONLY_ACTIVE_ARCH = YES;
				SDKROOT = iphoneos;
				SWIFT_ACTIVE_COMPILATION_CONDITIONS = DEBUG;
				SWIFT_OPTIMIZATION_LEVEL = "-Onone";
				TARGETED_DEVICE_FAMILY = "1,2";
			};
			name = Debug;
		};
		B6A6C27E1E76DF550021EFC0 /* Release */ = {
			isa = XCBuildConfiguration;
			buildSettings = {
				ALWAYS_SEARCH_USER_PATHS = NO;
				CLANG_ANALYZER_NONNULL = YES;
				CLANG_CXX_LANGUAGE_STANDARD = "gnu++0x";
				CLANG_CXX_LIBRARY = "libc++";
				CLANG_ENABLE_MODULES = YES;
				CLANG_ENABLE_OBJC_ARC = YES;
				CLANG_WARN_BOOL_CONVERSION = YES;
				CLANG_WARN_CONSTANT_CONVERSION = YES;
				CLANG_WARN_DIRECT_OBJC_ISA_USAGE = YES_ERROR;
				CLANG_WARN_DOCUMENTATION_COMMENTS = YES;
				CLANG_WARN_EMPTY_BODY = YES;
				CLANG_WARN_ENUM_CONVERSION = YES;
				CLANG_WARN_INFINITE_RECURSION = YES;
				CLANG_WARN_INT_CONVERSION = YES;
				CLANG_WARN_OBJC_ROOT_CLASS = YES_ERROR;
				CLANG_WARN_SUSPICIOUS_MOVE = YES;
				CLANG_WARN_UNREACHABLE_CODE = YES;
				CLANG_WARN__DUPLICATE_METHOD_MATCH = YES;
				"CODE_SIGN_IDENTITY[sdk=iphoneos*]" = "iPhone Developer";
				COPY_PHASE_STRIP = NO;
				DEBUG_INFORMATION_FORMAT = "dwarf-with-dsym";
				ENABLE_NS_ASSERTIONS = NO;
				ENABLE_STRICT_OBJC_MSGSEND = YES;
				GCC_C_LANGUAGE_STANDARD = gnu99;
				GCC_NO_COMMON_BLOCKS = YES;
				GCC_WARN_64_TO_32_BIT_CONVERSION = YES;
				GCC_WARN_ABOUT_RETURN_TYPE = YES_ERROR;
				GCC_WARN_UNDECLARED_SELECTOR = YES;
				GCC_WARN_UNINITIALIZED_AUTOS = YES_AGGRESSIVE;
				GCC_WARN_UNUSED_FUNCTION = YES;
				GCC_WARN_UNUSED_VARIABLE = YES;
				IPHONEOS_DEPLOYMENT_TARGET = 10.2;
				MTL_ENABLE_DEBUG_INFO = NO;
				SDKROOT = iphoneos;
				SWIFT_OPTIMIZATION_LEVEL = "-Owholemodule";
				TARGETED_DEVICE_FAMILY = "1,2";
				VALIDATE_PRODUCT = YES;
			};
			name = Release;
		};
		B6A6C2801E76DF550021EFC0 /* Debug */ = {
			isa = XCBuildConfiguration;
			baseConfigurationReference = B5E4083712718B9C48665E65 /* Pods-RaceMe.debug.xcconfig */;
			buildSettings = {
				ASSETCATALOG_COMPILER_APPICON_NAME = AppIcon;
				DEVELOPMENT_TEAM = D7RX787JDX;
				FRAMEWORK_SEARCH_PATHS = (
					"$(inherited)",
					"$(PROJECT_DIR)/RaceMe",
				);
				INFOPLIST_FILE = RaceMe/Info.plist;
				IPHONEOS_DEPLOYMENT_TARGET = 9.0;
				LD_RUNPATH_SEARCH_PATHS = "$(inherited) @executable_path/Frameworks";
				PRODUCT_BUNDLE_IDENTIFIER = com.vulong.FindARun;
				PRODUCT_NAME = "$(TARGET_NAME)";
				SWIFT_OBJC_BRIDGING_HEADER = "RaceMe/CICRun-Header.h";
				SWIFT_VERSION = 3.0;
			};
			name = Debug;
		};
		B6A6C2811E76DF550021EFC0 /* Release */ = {
			isa = XCBuildConfiguration;
			baseConfigurationReference = E1DD169E40379E9D88C93CD3 /* Pods-RaceMe.release.xcconfig */;
			buildSettings = {
				ASSETCATALOG_COMPILER_APPICON_NAME = AppIcon;
				DEVELOPMENT_TEAM = D7RX787JDX;
				FRAMEWORK_SEARCH_PATHS = (
					"$(inherited)",
					"$(PROJECT_DIR)/RaceMe",
				);
				INFOPLIST_FILE = RaceMe/Info.plist;
				IPHONEOS_DEPLOYMENT_TARGET = 9.0;
				LD_RUNPATH_SEARCH_PATHS = "$(inherited) @executable_path/Frameworks";
				PRODUCT_BUNDLE_IDENTIFIER = com.vulong.FindARun;
				PRODUCT_NAME = "$(TARGET_NAME)";
				SWIFT_OBJC_BRIDGING_HEADER = "RaceMe/CICRun-Header.h";
				SWIFT_VERSION = 3.0;
			};
			name = Release;
		};
/* End XCBuildConfiguration section */

/* Begin XCConfigurationList section */
		B6A6C2681E76DF550021EFC0 /* Build configuration list for PBXProject "RaceMe" */ = {
			isa = XCConfigurationList;
			buildConfigurations = (
				B6A6C27D1E76DF550021EFC0 /* Debug */,
				B6A6C27E1E76DF550021EFC0 /* Release */,
			);
			defaultConfigurationIsVisible = 0;
			defaultConfigurationName = Release;
		};
		B6A6C27F1E76DF550021EFC0 /* Build configuration list for PBXNativeTarget "RaceMe" */ = {
			isa = XCConfigurationList;
			buildConfigurations = (
				B6A6C2801E76DF550021EFC0 /* Debug */,
				B6A6C2811E76DF550021EFC0 /* Release */,
			);
			defaultConfigurationIsVisible = 0;
			defaultConfigurationName = Release;
		};
/* End XCConfigurationList section */
	};
	rootObject = B6A6C2651E76DF550021EFC0 /* Project object */;
}
