// !$*UTF8*$!
{
	archiveVersion = 1;
	classes = {
	};
	objectVersion = 46;
	objects = {

/* Begin PBXBuildFile section */
		B22978371E83FD85005F41B3 /* RecordViewController.swift in Sources */ = {isa = PBXBuildFile; fileRef = B22978351E83FD85005F41B3 /* RecordViewController.swift */; };
		B22978381E83FD85005F41B3 /* RecordViewController.xib in Resources */ = {isa = PBXBuildFile; fileRef = B22978361E83FD85005F41B3 /* RecordViewController.xib */; };
		B229783A1E83FE1E005F41B3 /* User.swift in Sources */ = {isa = PBXBuildFile; fileRef = B22978391E83FE1E005F41B3 /* User.swift */; };
		B229783C1E840066005F41B3 /* Extensions.swift in Sources */ = {isa = PBXBuildFile; fileRef = B229783B1E840066005F41B3 /* Extensions.swift */; };
		B22978401E840127005F41B3 /* RunSummaryViewController.swift in Sources */ = {isa = PBXBuildFile; fileRef = B229783F1E840127005F41B3 /* RunSummaryViewController.swift */; };
		B22D9D7B1E861B7B00BE961E /* RunTrackingVC.swift in Sources */ = {isa = PBXBuildFile; fileRef = B22D9D7A1E861B7B00BE961E /* RunTrackingVC.swift */; };
		B637D2261E7E2F6600F41A07 /* Main.storyboard in Resources */ = {isa = PBXBuildFile; fileRef = B637D2251E7E2F6600F41A07 /* Main.storyboard */; };
		B637D2351E7E4D6700F41A07 /* ProfileViewController.swift in Sources */ = {isa = PBXBuildFile; fileRef = B637D2331E7E4D6700F41A07 /* ProfileViewController.swift */; };
		B637D2361E7E4D6700F41A07 /* ProfileViewController.xib in Resources */ = {isa = PBXBuildFile; fileRef = B637D2341E7E4D6700F41A07 /* ProfileViewController.xib */; };
		B637D2391E7E4DA900F41A07 /* FindFriendsViewController.swift in Sources */ = {isa = PBXBuildFile; fileRef = B637D2371E7E4DA900F41A07 /* FindFriendsViewController.swift */; };
		B637D23A1E7E4DA900F41A07 /* FindFriendsViewController.xib in Resources */ = {isa = PBXBuildFile; fileRef = B637D2381E7E4DA900F41A07 /* FindFriendsViewController.xib */; };
		B63974461E87B0CA00C3BE9C /* DatePickerSettingCell.swift in Sources */ = {isa = PBXBuildFile; fileRef = B63974441E87B0CA00C3BE9C /* DatePickerSettingCell.swift */; };
		B63974471E87B0CA00C3BE9C /* DatePickerSettingCell.xib in Resources */ = {isa = PBXBuildFile; fileRef = B63974451E87B0CA00C3BE9C /* DatePickerSettingCell.xib */; };
		B65F1AD81E82E12E009E526B /* UserStatistics.xib in Resources */ = {isa = PBXBuildFile; fileRef = B65F1AD71E82E12E009E526B /* UserStatistics.xib */; };
		B65F1ADA1E82E24F009E526B /* UserStatisticsView.swift in Sources */ = {isa = PBXBuildFile; fileRef = B65F1AD91E82E24F009E526B /* UserStatisticsView.swift */; };
		B68177A31E7E8AA500FF760F /* GoogleService-Info.plist in Resources */ = {isa = PBXBuildFile; fileRef = B68177A21E7E8AA500FF760F /* GoogleService-Info.plist */; };
		B68177A71E7EC6B800FF760F /* ExploreViewController.swift in Sources */ = {isa = PBXBuildFile; fileRef = B68177A51E7EC6B800FF760F /* ExploreViewController.swift */; };
		B68177A81E7EC6B800FF760F /* ExploreViewController.xib in Resources */ = {isa = PBXBuildFile; fileRef = B68177A61E7EC6B800FF760F /* ExploreViewController.xib */; };
		B68177AB1E7ED1E500FF760F /* TrackingViewController.swift in Sources */ = {isa = PBXBuildFile; fileRef = B68177A91E7ED1E500FF760F /* TrackingViewController.swift */; };
		B68177AC1E7ED1E500FF760F /* TrackingViewController.xib in Resources */ = {isa = PBXBuildFile; fileRef = B68177AA1E7ED1E500FF760F /* TrackingViewController.xib */; };
		B68177AF1E7ED20200FF760F /* GroupViewController.swift in Sources */ = {isa = PBXBuildFile; fileRef = B68177AD1E7ED20200FF760F /* GroupViewController.swift */; };
		B68177B01E7ED20200FF760F /* GroupViewController.xib in Resources */ = {isa = PBXBuildFile; fileRef = B68177AE1E7ED20200FF760F /* GroupViewController.xib */; };
		B6860B651E8563AD0008B06A /* TextSettingCell.swift in Sources */ = {isa = PBXBuildFile; fileRef = B6860B631E8563AD0008B06A /* TextSettingCell.swift */; };
		B6860B661E8563AD0008B06A /* TextSettingCell.xib in Resources */ = {isa = PBXBuildFile; fileRef = B6860B641E8563AD0008B06A /* TextSettingCell.xib */; };
		B6860B691E8566F70008B06A /* NotificationCell.swift in Sources */ = {isa = PBXBuildFile; fileRef = B6860B671E8566F70008B06A /* NotificationCell.swift */; };
		B6860B6A1E8566F70008B06A /* NotificationCell.xib in Resources */ = {isa = PBXBuildFile; fileRef = B6860B681E8566F70008B06A /* NotificationCell.xib */; };
		B6860B6D1E85776C0008B06A /* DisclosureIndicatorCell.swift in Sources */ = {isa = PBXBuildFile; fileRef = B6860B6B1E85776C0008B06A /* DisclosureIndicatorCell.swift */; };
		B6860B6E1E85776C0008B06A /* DisclosureIndicatorCell.xib in Resources */ = {isa = PBXBuildFile; fileRef = B6860B6C1E85776C0008B06A /* DisclosureIndicatorCell.xib */; };
		B68D08231E7E2A9100DC971F /* LoginViewController.swift in Sources */ = {isa = PBXBuildFile; fileRef = B68D08211E7E2A9100DC971F /* LoginViewController.swift */; };
		B68D08241E7E2A9100DC971F /* LoginViewController.xib in Resources */ = {isa = PBXBuildFile; fileRef = B68D08221E7E2A9100DC971F /* LoginViewController.xib */; };
		B6A6C2711E76DF550021EFC0 /* AppDelegate.swift in Sources */ = {isa = PBXBuildFile; fileRef = B6A6C2701E76DF550021EFC0 /* AppDelegate.swift */; };
		B6A6C2781E76DF550021EFC0 /* Assets.xcassets in Resources */ = {isa = PBXBuildFile; fileRef = B6A6C2771E76DF550021EFC0 /* Assets.xcassets */; };
		B6A6C27B1E76DF550021EFC0 /* LaunchScreen.storyboard in Resources */ = {isa = PBXBuildFile; fileRef = B6A6C2791E76DF550021EFC0 /* LaunchScreen.storyboard */; };
		B6BB4BF51E86C7EF0054C965 /* RightDetailCell.swift in Sources */ = {isa = PBXBuildFile; fileRef = B6BB4BF31E86C7EF0054C965 /* RightDetailCell.swift */; };
		B6BB4BF61E86C7EF0054C965 /* RightDetailCell.xib in Resources */ = {isa = PBXBuildFile; fileRef = B6BB4BF41E86C7EF0054C965 /* RightDetailCell.xib */; };
		B6BB4BF91E86CE610054C965 /* PickerSettingCell.swift in Sources */ = {isa = PBXBuildFile; fileRef = B6BB4BF71E86CE610054C965 /* PickerSettingCell.swift */; };
		B6BB4BFA1E86CE610054C965 /* PickerSettingCell.xib in Resources */ = {isa = PBXBuildFile; fileRef = B6BB4BF81E86CE610054C965 /* PickerSettingCell.xib */; };
		B6F520061E84FF860071E361 /* ProfileSettingsViewController.swift in Sources */ = {isa = PBXBuildFile; fileRef = B6F520041E84FF860071E361 /* ProfileSettingsViewController.swift */; };
		B6F520071E84FF860071E361 /* ProfileSettingsViewController.xib in Resources */ = {isa = PBXBuildFile; fileRef = B6F520051E84FF860071E361 /* ProfileSettingsViewController.xib */; };
		B6F5200A1E8500A90071E361 /* NotificationsViewController.swift in Sources */ = {isa = PBXBuildFile; fileRef = B6F520081E8500A90071E361 /* NotificationsViewController.swift */; };
		B6F5200B1E8500A90071E361 /* NotificationsViewController.xib in Resources */ = {isa = PBXBuildFile; fileRef = B6F520091E8500A90071E361 /* NotificationsViewController.xib */; };
		D9D9DF181E81057C008C086C /* Location.swift in Sources */ = {isa = PBXBuildFile; fileRef = D9D9DF171E81057C008C086C /* Location.swift */; };
		D9D9DF1A1E810991008C086C /* Workout.swift in Sources */ = {isa = PBXBuildFile; fileRef = D9D9DF191E810991008C086C /* Workout.swift */; };
		D9D9DF1C1E810EB5008C086C /* Constants.swift in Sources */ = {isa = PBXBuildFile; fileRef = D9D9DF1B1E810EB5008C086C /* Constants.swift */; };
		F9A83EC7A4DE1D966E3007CF /* Pods_RaceMe.framework in Frameworks */ = {isa = PBXBuildFile; fileRef = 3A28C2AE7E9D86DF268ED474 /* Pods_RaceMe.framework */; };
/* End PBXBuildFile section */

/* Begin PBXFileReference section */
		3A28C2AE7E9D86DF268ED474 /* Pods_RaceMe.framework */ = {isa = PBXFileReference; explicitFileType = wrapper.framework; includeInIndex = 0; path = Pods_RaceMe.framework; sourceTree = BUILT_PRODUCTS_DIR; };
		B22978351E83FD85005F41B3 /* RecordViewController.swift */ = {isa = PBXFileReference; fileEncoding = 4; lastKnownFileType = sourcecode.swift; path = RecordViewController.swift; sourceTree = "<group>"; };
		B22978361E83FD85005F41B3 /* RecordViewController.xib */ = {isa = PBXFileReference; fileEncoding = 4; lastKnownFileType = file.xib; path = RecordViewController.xib; sourceTree = "<group>"; };
		B22978391E83FE1E005F41B3 /* User.swift */ = {isa = PBXFileReference; fileEncoding = 4; lastKnownFileType = sourcecode.swift; path = User.swift; sourceTree = "<group>"; };
		B229783B1E840066005F41B3 /* Extensions.swift */ = {isa = PBXFileReference; fileEncoding = 4; lastKnownFileType = sourcecode.swift; path = Extensions.swift; sourceTree = "<group>"; };
		B229783F1E840127005F41B3 /* RunSummaryViewController.swift */ = {isa = PBXFileReference; fileEncoding = 4; lastKnownFileType = sourcecode.swift; path = RunSummaryViewController.swift; sourceTree = "<group>"; };
		B22D9D7A1E861B7B00BE961E /* RunTrackingVC.swift */ = {isa = PBXFileReference; fileEncoding = 4; lastKnownFileType = sourcecode.swift; path = RunTrackingVC.swift; sourceTree = "<group>"; };
		B5E4083712718B9C48665E65 /* Pods-RaceMe.debug.xcconfig */ = {isa = PBXFileReference; includeInIndex = 1; lastKnownFileType = text.xcconfig; name = "Pods-RaceMe.debug.xcconfig"; path = "Pods/Target Support Files/Pods-RaceMe/Pods-RaceMe.debug.xcconfig"; sourceTree = "<group>"; };
		B637D2251E7E2F6600F41A07 /* Main.storyboard */ = {isa = PBXFileReference; fileEncoding = 4; lastKnownFileType = file.storyboard; path = Main.storyboard; sourceTree = "<group>"; };
		B637D2331E7E4D6700F41A07 /* ProfileViewController.swift */ = {isa = PBXFileReference; fileEncoding = 4; lastKnownFileType = sourcecode.swift; path = ProfileViewController.swift; sourceTree = "<group>"; };
		B637D2341E7E4D6700F41A07 /* ProfileViewController.xib */ = {isa = PBXFileReference; fileEncoding = 4; lastKnownFileType = file.xib; path = ProfileViewController.xib; sourceTree = "<group>"; };
		B637D2371E7E4DA900F41A07 /* FindFriendsViewController.swift */ = {isa = PBXFileReference; fileEncoding = 4; lastKnownFileType = sourcecode.swift; path = FindFriendsViewController.swift; sourceTree = "<group>"; };
		B637D2381E7E4DA900F41A07 /* FindFriendsViewController.xib */ = {isa = PBXFileReference; fileEncoding = 4; lastKnownFileType = file.xib; path = FindFriendsViewController.xib; sourceTree = "<group>"; };
		B63974441E87B0CA00C3BE9C /* DatePickerSettingCell.swift */ = {isa = PBXFileReference; fileEncoding = 4; lastKnownFileType = sourcecode.swift; path = DatePickerSettingCell.swift; sourceTree = "<group>"; };
		B63974451E87B0CA00C3BE9C /* DatePickerSettingCell.xib */ = {isa = PBXFileReference; fileEncoding = 4; lastKnownFileType = file.xib; path = DatePickerSettingCell.xib; sourceTree = "<group>"; };
		B65F1AD71E82E12E009E526B /* UserStatistics.xib */ = {isa = PBXFileReference; fileEncoding = 4; lastKnownFileType = file.xib; path = UserStatistics.xib; sourceTree = "<group>"; };
		B65F1AD91E82E24F009E526B /* UserStatisticsView.swift */ = {isa = PBXFileReference; fileEncoding = 4; lastKnownFileType = sourcecode.swift; path = UserStatisticsView.swift; sourceTree = "<group>"; };
		B68177A21E7E8AA500FF760F /* GoogleService-Info.plist */ = {isa = PBXFileReference; fileEncoding = 4; lastKnownFileType = text.plist.xml; path = "GoogleService-Info.plist"; sourceTree = "<group>"; };
		B68177A41E7E93BC00FF760F /* CICRun-Header.h */ = {isa = PBXFileReference; lastKnownFileType = sourcecode.c.h; path = "CICRun-Header.h"; sourceTree = "<group>"; };
		B68177A51E7EC6B800FF760F /* ExploreViewController.swift */ = {isa = PBXFileReference; fileEncoding = 4; lastKnownFileType = sourcecode.swift; path = ExploreViewController.swift; sourceTree = "<group>"; };
		B68177A61E7EC6B800FF760F /* ExploreViewController.xib */ = {isa = PBXFileReference; fileEncoding = 4; lastKnownFileType = file.xib; path = ExploreViewController.xib; sourceTree = "<group>"; };
		B68177A91E7ED1E500FF760F /* TrackingViewController.swift */ = {isa = PBXFileReference; fileEncoding = 4; lastKnownFileType = sourcecode.swift; path = TrackingViewController.swift; sourceTree = "<group>"; };
		B68177AA1E7ED1E500FF760F /* TrackingViewController.xib */ = {isa = PBXFileReference; fileEncoding = 4; lastKnownFileType = file.xib; path = TrackingViewController.xib; sourceTree = "<group>"; };
		B68177AD1E7ED20200FF760F /* GroupViewController.swift */ = {isa = PBXFileReference; fileEncoding = 4; lastKnownFileType = sourcecode.swift; path = GroupViewController.swift; sourceTree = "<group>"; };
		B68177AE1E7ED20200FF760F /* GroupViewController.xib */ = {isa = PBXFileReference; fileEncoding = 4; lastKnownFileType = file.xib; path = GroupViewController.xib; sourceTree = "<group>"; };
		B6860B631E8563AD0008B06A /* TextSettingCell.swift */ = {isa = PBXFileReference; fileEncoding = 4; lastKnownFileType = sourcecode.swift; path = TextSettingCell.swift; sourceTree = "<group>"; };
		B6860B641E8563AD0008B06A /* TextSettingCell.xib */ = {isa = PBXFileReference; fileEncoding = 4; lastKnownFileType = file.xib; path = TextSettingCell.xib; sourceTree = "<group>"; };
		B6860B671E8566F70008B06A /* NotificationCell.swift */ = {isa = PBXFileReference; fileEncoding = 4; lastKnownFileType = sourcecode.swift; path = NotificationCell.swift; sourceTree = "<group>"; };
		B6860B681E8566F70008B06A /* NotificationCell.xib */ = {isa = PBXFileReference; fileEncoding = 4; lastKnownFileType = file.xib; path = NotificationCell.xib; sourceTree = "<group>"; };
		B6860B6B1E85776C0008B06A /* DisclosureIndicatorCell.swift */ = {isa = PBXFileReference; fileEncoding = 4; lastKnownFileType = sourcecode.swift; path = DisclosureIndicatorCell.swift; sourceTree = "<group>"; };
		B6860B6C1E85776C0008B06A /* DisclosureIndicatorCell.xib */ = {isa = PBXFileReference; fileEncoding = 4; lastKnownFileType = file.xib; path = DisclosureIndicatorCell.xib; sourceTree = "<group>"; };
		B68D08211E7E2A9100DC971F /* LoginViewController.swift */ = {isa = PBXFileReference; fileEncoding = 4; lastKnownFileType = sourcecode.swift; path = LoginViewController.swift; sourceTree = "<group>"; };
		B68D08221E7E2A9100DC971F /* LoginViewController.xib */ = {isa = PBXFileReference; fileEncoding = 4; lastKnownFileType = file.xib; path = LoginViewController.xib; sourceTree = "<group>"; };
		B6A6C26D1E76DF550021EFC0 /* RaceMe.app */ = {isa = PBXFileReference; explicitFileType = wrapper.application; includeInIndex = 0; path = RaceMe.app; sourceTree = BUILT_PRODUCTS_DIR; };
		B6A6C2701E76DF550021EFC0 /* AppDelegate.swift */ = {isa = PBXFileReference; lastKnownFileType = sourcecode.swift; path = AppDelegate.swift; sourceTree = "<group>"; };
		B6A6C2771E76DF550021EFC0 /* Assets.xcassets */ = {isa = PBXFileReference; lastKnownFileType = folder.assetcatalog; path = Assets.xcassets; sourceTree = "<group>"; };
		B6A6C27A1E76DF550021EFC0 /* Base */ = {isa = PBXFileReference; lastKnownFileType = file.storyboard; name = Base; path = Base.lproj/LaunchScreen.storyboard; sourceTree = "<group>"; };
		B6A6C27C1E76DF550021EFC0 /* Info.plist */ = {isa = PBXFileReference; lastKnownFileType = text.plist.xml; path = Info.plist; sourceTree = "<group>"; };
		B6BB4BF31E86C7EF0054C965 /* RightDetailCell.swift */ = {isa = PBXFileReference; fileEncoding = 4; lastKnownFileType = sourcecode.swift; path = RightDetailCell.swift; sourceTree = "<group>"; };
		B6BB4BF41E86C7EF0054C965 /* RightDetailCell.xib */ = {isa = PBXFileReference; fileEncoding = 4; lastKnownFileType = file.xib; path = RightDetailCell.xib; sourceTree = "<group>"; };
		B6BB4BF71E86CE610054C965 /* PickerSettingCell.swift */ = {isa = PBXFileReference; fileEncoding = 4; lastKnownFileType = sourcecode.swift; path = PickerSettingCell.swift; sourceTree = "<group>"; };
		B6BB4BF81E86CE610054C965 /* PickerSettingCell.xib */ = {isa = PBXFileReference; fileEncoding = 4; lastKnownFileType = file.xib; path = PickerSettingCell.xib; sourceTree = "<group>"; };
		B6F520041E84FF860071E361 /* ProfileSettingsViewController.swift */ = {isa = PBXFileReference; fileEncoding = 4; lastKnownFileType = sourcecode.swift; path = ProfileSettingsViewController.swift; sourceTree = "<group>"; };
		B6F520051E84FF860071E361 /* ProfileSettingsViewController.xib */ = {isa = PBXFileReference; fileEncoding = 4; lastKnownFileType = file.xib; path = ProfileSettingsViewController.xib; sourceTree = "<group>"; };
		B6F520081E8500A90071E361 /* NotificationsViewController.swift */ = {isa = PBXFileReference; fileEncoding = 4; lastKnownFileType = sourcecode.swift; path = NotificationsViewController.swift; sourceTree = "<group>"; };
		B6F520091E8500A90071E361 /* NotificationsViewController.xib */ = {isa = PBXFileReference; fileEncoding = 4; lastKnownFileType = file.xib; path = NotificationsViewController.xib; sourceTree = "<group>"; };
		D9D9DF171E81057C008C086C /* Location.swift */ = {isa = PBXFileReference; fileEncoding = 4; lastKnownFileType = sourcecode.swift; path = Location.swift; sourceTree = "<group>"; };
		D9D9DF191E810991008C086C /* Workout.swift */ = {isa = PBXFileReference; fileEncoding = 4; lastKnownFileType = sourcecode.swift; path = Workout.swift; sourceTree = "<group>"; };
		D9D9DF1B1E810EB5008C086C /* Constants.swift */ = {isa = PBXFileReference; fileEncoding = 4; lastKnownFileType = sourcecode.swift; path = Constants.swift; sourceTree = "<group>"; };
		E1DD169E40379E9D88C93CD3 /* Pods-RaceMe.release.xcconfig */ = {isa = PBXFileReference; includeInIndex = 1; lastKnownFileType = text.xcconfig; name = "Pods-RaceMe.release.xcconfig"; path = "Pods/Target Support Files/Pods-RaceMe/Pods-RaceMe.release.xcconfig"; sourceTree = "<group>"; };
/* End PBXFileReference section */

/* Begin PBXFrameworksBuildPhase section */
		B6A6C26A1E76DF550021EFC0 /* Frameworks */ = {
			isa = PBXFrameworksBuildPhase;
			buildActionMask = 2147483647;
			files = (
				F9A83EC7A4DE1D966E3007CF /* Pods_RaceMe.framework in Frameworks */,
			);
			runOnlyForDeploymentPostprocessing = 0;
		};
/* End PBXFrameworksBuildPhase section */

/* Begin PBXGroup section */
		377C58573ABCFBD1DB4C733D /* Frameworks */ = {
			isa = PBXGroup;
			children = (
				3A28C2AE7E9D86DF268ED474 /* Pods_RaceMe.framework */,
			);
			name = Frameworks;
			sourceTree = "<group>";
		};
		8C3F4CED547B237FEF0507D8 /* Pods */ = {
			isa = PBXGroup;
			children = (
				B5E4083712718B9C48665E65 /* Pods-RaceMe.debug.xcconfig */,
				E1DD169E40379E9D88C93CD3 /* Pods-RaceMe.release.xcconfig */,
			);
			name = Pods;
			sourceTree = "<group>";
		};
		B68D081E1E7E2A1D00DC971F /* Controllers */ = {
			isa = PBXGroup;
			children = (
				B68D08211E7E2A9100DC971F /* LoginViewController.swift */,
				B68D08221E7E2A9100DC971F /* LoginViewController.xib */,
				B637D2331E7E4D6700F41A07 /* ProfileViewController.swift */,
				B637D2341E7E4D6700F41A07 /* ProfileViewController.xib */,
				B6F520041E84FF860071E361 /* ProfileSettingsViewController.swift */,
				B6F520051E84FF860071E361 /* ProfileSettingsViewController.xib */,
				B6F520081E8500A90071E361 /* NotificationsViewController.swift */,
				B6F520091E8500A90071E361 /* NotificationsViewController.xib */,
				B637D2371E7E4DA900F41A07 /* FindFriendsViewController.swift */,
				B637D2381E7E4DA900F41A07 /* FindFriendsViewController.xib */,
				B68177A51E7EC6B800FF760F /* ExploreViewController.swift */,
				B68177A61E7EC6B800FF760F /* ExploreViewController.xib */,
				B68177A91E7ED1E500FF760F /* TrackingViewController.swift */,
				B68177AA1E7ED1E500FF760F /* TrackingViewController.xib */,
				B68177AD1E7ED20200FF760F /* GroupViewController.swift */,
				B68177AE1E7ED20200FF760F /* GroupViewController.xib */,
				B22978351E83FD85005F41B3 /* RecordViewController.swift */,
				B22D9D7A1E861B7B00BE961E /* RunTrackingVC.swift */,
				B22978361E83FD85005F41B3 /* RecordViewController.xib */,
				B229783F1E840127005F41B3 /* RunSummaryViewController.swift */,
			);
			name = Controllers;
			sourceTree = "<group>";
		};
		B68D081F1E7E2A3500DC971F /* Views */ = {
			isa = PBXGroup;
			children = (
				B65F1AD71E82E12E009E526B /* UserStatistics.xib */,
				B65F1AD91E82E24F009E526B /* UserStatisticsView.swift */,
				B6860B631E8563AD0008B06A /* TextSettingCell.swift */,
				B6860B641E8563AD0008B06A /* TextSettingCell.xib */,
				B6860B671E8566F70008B06A /* NotificationCell.swift */,
				B6860B681E8566F70008B06A /* NotificationCell.xib */,
				B6860B6B1E85776C0008B06A /* DisclosureIndicatorCell.swift */,
				B6860B6C1E85776C0008B06A /* DisclosureIndicatorCell.xib */,
				B6BB4BF31E86C7EF0054C965 /* RightDetailCell.swift */,
				B6BB4BF41E86C7EF0054C965 /* RightDetailCell.xib */,
				B6BB4BF71E86CE610054C965 /* PickerSettingCell.swift */,
				B6BB4BF81E86CE610054C965 /* PickerSettingCell.xib */,
				B63974441E87B0CA00C3BE9C /* DatePickerSettingCell.swift */,
				B63974451E87B0CA00C3BE9C /* DatePickerSettingCell.xib */,
			);
			name = Views;
			sourceTree = "<group>";
		};
		B68D08201E7E2A4200DC971F /* Models */ = {
			isa = PBXGroup;
			children = (
				B22978391E83FE1E005F41B3 /* User.swift */,
				D9D9DF171E81057C008C086C /* Location.swift */,
				D9433ABF1E8521DB00F085B3 /* Route.swift */,
				D9D9DF191E810991008C086C /* Workout.swift */,
			);
			name = Models;
			sourceTree = "<group>";
		};
		B6A6C2641E76DF550021EFC0 = {
			isa = PBXGroup;
			children = (
				B6A6C26F1E76DF550021EFC0 /* RaceMe */,
				B6A6C26E1E76DF550021EFC0 /* Products */,
				8C3F4CED547B237FEF0507D8 /* Pods */,
				377C58573ABCFBD1DB4C733D /* Frameworks */,
			);
			sourceTree = "<group>";
		};
		B6A6C26E1E76DF550021EFC0 /* Products */ = {
			isa = PBXGroup;
			children = (
				B6A6C26D1E76DF550021EFC0 /* RaceMe.app */,
			);
			name = Products;
			sourceTree = "<group>";
		};
		B6A6C26F1E76DF550021EFC0 /* RaceMe */ = {
			isa = PBXGroup;
			children = (
				B68D08201E7E2A4200DC971F /* Models */,
				B68D081F1E7E2A3500DC971F /* Views */,
				B68D081E1E7E2A1D00DC971F /* Controllers */,
				B6A6C2701E76DF550021EFC0 /* AppDelegate.swift */,
				D9D9DF1B1E810EB5008C086C /* Constants.swift */,
				B229783B1E840066005F41B3 /* Extensions.swift */,
				B637D2251E7E2F6600F41A07 /* Main.storyboard */,
				B6A6C2771E76DF550021EFC0 /* Assets.xcassets */,
				B6A6C2791E76DF550021EFC0 /* LaunchScreen.storyboard */,
				B68177A21E7E8AA500FF760F /* GoogleService-Info.plist */,
				B6A6C27C1E76DF550021EFC0 /* Info.plist */,
				B68177A41E7E93BC00FF760F /* CICRun-Header.h */,
			);
			path = RaceMe;
			sourceTree = "<group>";
		};
/* End PBXGroup section */

/* Begin PBXNativeTarget section */
		B6A6C26C1E76DF550021EFC0 /* RaceMe */ = {
			isa = PBXNativeTarget;
			buildConfigurationList = B6A6C27F1E76DF550021EFC0 /* Build configuration list for PBXNativeTarget "RaceMe" */;
			buildPhases = (
				B3ADF545CE0EAF636A57144B /* [CP] Check Pods Manifest.lock */,
				B6A6C2691E76DF550021EFC0 /* Sources */,
				B6A6C26A1E76DF550021EFC0 /* Frameworks */,
				B6A6C26B1E76DF550021EFC0 /* Resources */,
				40745AFA9EF44EDCEDD92803 /* [CP] Embed Pods Frameworks */,
				1D80B481310B7DDC1DCD8F2E /* [CP] Copy Pods Resources */,
			);
			buildRules = (
			);
			dependencies = (
			);
			name = RaceMe;
			productName = RaceMe;
			productReference = B6A6C26D1E76DF550021EFC0 /* RaceMe.app */;
			productType = "com.apple.product-type.application";
		};
/* End PBXNativeTarget section */

/* Begin PBXProject section */
		B6A6C2651E76DF550021EFC0 /* Project object */ = {
			isa = PBXProject;
			attributes = {
				LastSwiftUpdateCheck = 0820;
				LastUpgradeCheck = 0820;
				ORGANIZATIONNAME = CoderSchool;
				TargetAttributes = {
					B6A6C26C1E76DF550021EFC0 = {
						CreatedOnToolsVersion = 8.2.1;
						DevelopmentTeam = 566T8PK976;
						ProvisioningStyle = Automatic;
						SystemCapabilities = {
							com.apple.BackgroundModes = {
								enabled = 1;
							};
							com.apple.Keychain = {
								enabled = 0;
							};
						};
					};
				};
			};
			buildConfigurationList = B6A6C2681E76DF550021EFC0 /* Build configuration list for PBXProject "RaceMe" */;
			compatibilityVersion = "Xcode 3.2";
			developmentRegion = English;
			hasScannedForEncodings = 0;
			knownRegions = (
				en,
				Base,
			);
			mainGroup = B6A6C2641E76DF550021EFC0;
			productRefGroup = B6A6C26E1E76DF550021EFC0 /* Products */;
			projectDirPath = "";
			projectRoot = "";
			targets = (
				B6A6C26C1E76DF550021EFC0 /* RaceMe */,
			);
		};
/* End PBXProject section */

/* Begin PBXResourcesBuildPhase section */
		B6A6C26B1E76DF550021EFC0 /* Resources */ = {
			isa = PBXResourcesBuildPhase;
			buildActionMask = 2147483647;
			files = (
				B63974471E87B0CA00C3BE9C /* DatePickerSettingCell.xib in Resources */,
				B68177A81E7EC6B800FF760F /* ExploreViewController.xib in Resources */,
				B68D08241E7E2A9100DC971F /* LoginViewController.xib in Resources */,
				B637D23A1E7E4DA900F41A07 /* FindFriendsViewController.xib in Resources */,
				B6A6C27B1E76DF550021EFC0 /* LaunchScreen.storyboard in Resources */,
				B6BB4BFA1E86CE610054C965 /* PickerSettingCell.xib in Resources */,
				B68177B01E7ED20200FF760F /* GroupViewController.xib in Resources */,
				B68177AC1E7ED1E500FF760F /* TrackingViewController.xib in Resources */,
				B6A6C2781E76DF550021EFC0 /* Assets.xcassets in Resources */,
				B6F5200B1E8500A90071E361 /* NotificationsViewController.xib in Resources */,
				B65F1AD81E82E12E009E526B /* UserStatistics.xib in Resources */,
				B6BB4BF61E86C7EF0054C965 /* RightDetailCell.xib in Resources */,
				B637D2361E7E4D6700F41A07 /* ProfileViewController.xib in Resources */,
				B6860B661E8563AD0008B06A /* TextSettingCell.xib in Resources */,
				B637D2261E7E2F6600F41A07 /* Main.storyboard in Resources */,
				B6860B6A1E8566F70008B06A /* NotificationCell.xib in Resources */,
				B68177A31E7E8AA500FF760F /* GoogleService-Info.plist in Resources */,
				B6860B6E1E85776C0008B06A /* DisclosureIndicatorCell.xib in Resources */,
				B22978381E83FD85005F41B3 /* RecordViewController.xib in Resources */,
				B6F520071E84FF860071E361 /* ProfileSettingsViewController.xib in Resources */,
			);
			runOnlyForDeploymentPostprocessing = 0;
		};
/* End PBXResourcesBuildPhase section */

/* Begin PBXShellScriptBuildPhase section */
		1D80B481310B7DDC1DCD8F2E /* [CP] Copy Pods Resources */ = {
			isa = PBXShellScriptBuildPhase;
			buildActionMask = 2147483647;
			files = (
			);
			inputPaths = (
			);
			name = "[CP] Copy Pods Resources";
			outputPaths = (
			);
			runOnlyForDeploymentPostprocessing = 0;
			shellPath = /bin/sh;
			shellScript = "\"${SRCROOT}/Pods/Target Support Files/Pods-RaceMe/Pods-RaceMe-resources.sh\"\n";
			showEnvVarsInLog = 0;
		};
		40745AFA9EF44EDCEDD92803 /* [CP] Embed Pods Frameworks */ = {
			isa = PBXShellScriptBuildPhase;
			buildActionMask = 2147483647;
			files = (
			);
			inputPaths = (
			);
			name = "[CP] Embed Pods Frameworks";
			outputPaths = (
			);
			runOnlyForDeploymentPostprocessing = 0;
			shellPath = /bin/sh;
			shellScript = "\"${SRCROOT}/Pods/Target Support Files/Pods-RaceMe/Pods-RaceMe-frameworks.sh\"\n";
			showEnvVarsInLog = 0;
		};
		B3ADF545CE0EAF636A57144B /* [CP] Check Pods Manifest.lock */ = {
			isa = PBXShellScriptBuildPhase;
			buildActionMask = 2147483647;
			files = (
			);
			inputPaths = (
			);
			name = "[CP] Check Pods Manifest.lock";
			outputPaths = (
			);
			runOnlyForDeploymentPostprocessing = 0;
			shellPath = /bin/sh;
			shellScript = "diff \"${PODS_ROOT}/../Podfile.lock\" \"${PODS_ROOT}/Manifest.lock\" > /dev/null\nif [ $? != 0 ] ; then\n    # print error to STDERR\n    echo \"error: The sandbox is not in sync with the Podfile.lock. Run 'pod install' or update your CocoaPods installation.\" >&2\n    exit 1\nfi\n";
			showEnvVarsInLog = 0;
		};
/* End PBXShellScriptBuildPhase section */

/* Begin PBXSourcesBuildPhase section */
		B6A6C2691E76DF550021EFC0 /* Sources */ = {
			isa = PBXSourcesBuildPhase;
			buildActionMask = 2147483647;
			files = (
				B22D9D7B1E861B7B00BE961E /* RunTrackingVC.swift in Sources */,
				B637D2351E7E4D6700F41A07 /* ProfileViewController.swift in Sources */,
				B637D2391E7E4DA900F41A07 /* FindFriendsViewController.swift in Sources */,
				D9433AC01E8521DB00F085B3 /* Route.swift in Sources */,
				D9D9DF181E81057C008C086C /* Location.swift in Sources */,
				B68177A71E7EC6B800FF760F /* ExploreViewController.swift in Sources */,
				B6860B6D1E85776C0008B06A /* DisclosureIndicatorCell.swift in Sources */,
				B6BB4BF51E86C7EF0054C965 /* RightDetailCell.swift in Sources */,
				B68177AB1E7ED1E500FF760F /* TrackingViewController.swift in Sources */,
				B229783E1E8400E5005F41B3 /* Run.swift in Sources */,
				B63974461E87B0CA00C3BE9C /* DatePickerSettingCell.swift in Sources */,
				B22978371E83FD85005F41B3 /* RecordViewController.swift in Sources */,
				B6F520061E84FF860071E361 /* ProfileSettingsViewController.swift in Sources */,
				B6860B691E8566F70008B06A /* NotificationCell.swift in Sources */,
				B22978401E840127005F41B3 /* RunSummaryViewController.swift in Sources */,
				B6F5200A1E8500A90071E361 /* NotificationsViewController.swift in Sources */,
				D9D9DF1C1E810EB5008C086C /* Constants.swift in Sources */,
				D9D9DF1A1E810991008C086C /* Workout.swift in Sources */,
				B229783C1E840066005F41B3 /* Extensions.swift in Sources */,
				B229783A1E83FE1E005F41B3 /* User.swift in Sources */,
				B6860B651E8563AD0008B06A /* TextSettingCell.swift in Sources */,
				B68D08231E7E2A9100DC971F /* LoginViewController.swift in Sources */,
				B6BB4BF91E86CE610054C965 /* PickerSettingCell.swift in Sources */,
				B65F1ADA1E82E24F009E526B /* UserStatisticsView.swift in Sources */,
				B6A6C2711E76DF550021EFC0 /* AppDelegate.swift in Sources */,
				B68177AF1E7ED20200FF760F /* GroupViewController.swift in Sources */,
			);
			runOnlyForDeploymentPostprocessing = 0;
		};
/* End PBXSourcesBuildPhase section */

/* Begin PBXVariantGroup section */
		B6A6C2791E76DF550021EFC0 /* LaunchScreen.storyboard */ = {
			isa = PBXVariantGroup;
			children = (
				B6A6C27A1E76DF550021EFC0 /* Base */,
			);
			name = LaunchScreen.storyboard;
			sourceTree = "<group>";
		};
/* End PBXVariantGroup section */

/* Begin XCBuildConfiguration section */
		B6A6C27D1E76DF550021EFC0 /* Debug */ = {
			isa = XCBuildConfiguration;
			buildSettings = {
				ALWAYS_SEARCH_USER_PATHS = NO;
				CLANG_ANALYZER_NONNULL = YES;
				CLANG_CXX_LANGUAGE_STANDARD = "gnu++0x";
				CLANG_CXX_LIBRARY = "libc++";
				CLANG_ENABLE_MODULES = YES;
				CLANG_ENABLE_OBJC_ARC = YES;
				CLANG_WARN_BOOL_CONVERSION = YES;
				CLANG_WARN_CONSTANT_CONVERSION = YES;
				CLANG_WARN_DIRECT_OBJC_ISA_USAGE = YES_ERROR;
				CLANG_WARN_DOCUMENTATION_COMMENTS = YES;
				CLANG_WARN_EMPTY_BODY = YES;
				CLANG_WARN_ENUM_CONVERSION = YES;
				CLANG_WARN_INFINITE_RECURSION = YES;
				CLANG_WARN_INT_CONVERSION = YES;
				CLANG_WARN_OBJC_ROOT_CLASS = YES_ERROR;
				CLANG_WARN_SUSPICIOUS_MOVE = YES;
				CLANG_WARN_UNREACHABLE_CODE = YES;
				CLANG_WARN__DUPLICATE_METHOD_MATCH = YES;
				"CODE_SIGN_IDENTITY[sdk=iphoneos*]" = "iPhone Developer";
				COPY_PHASE_STRIP = NO;
				DEBUG_INFORMATION_FORMAT = dwarf;
				ENABLE_STRICT_OBJC_MSGSEND = YES;
				ENABLE_TESTABILITY = YES;
				GCC_C_LANGUAGE_STANDARD = gnu99;
				GCC_DYNAMIC_NO_PIC = NO;
				GCC_NO_COMMON_BLOCKS = YES;
				GCC_OPTIMIZATION_LEVEL = 0;
				GCC_PREPROCESSOR_DEFINITIONS = (
					"DEBUG=1",
					"$(inherited)",
				);
				GCC_WARN_64_TO_32_BIT_CONVERSION = YES;
				GCC_WARN_ABOUT_RETURN_TYPE = YES_ERROR;
				GCC_WARN_UNDECLARED_SELECTOR = YES;
				GCC_WARN_UNINITIALIZED_AUTOS = YES_AGGRESSIVE;
				GCC_WARN_UNUSED_FUNCTION = YES;
				GCC_WARN_UNUSED_VARIABLE = YES;
				IPHONEOS_DEPLOYMENT_TARGET = 10.2;
				MTL_ENABLE_DEBUG_INFO = YES;
				ONLY_ACTIVE_ARCH = YES;
				SDKROOT = iphoneos;
				SWIFT_ACTIVE_COMPILATION_CONDITIONS = DEBUG;
				SWIFT_OPTIMIZATION_LEVEL = "-Onone";
				TARGETED_DEVICE_FAMILY = "1,2";
			};
			name = Debug;
		};
		B6A6C27E1E76DF550021EFC0 /* Release */ = {
			isa = XCBuildConfiguration;
			buildSettings = {
				ALWAYS_SEARCH_USER_PATHS = NO;
				CLANG_ANALYZER_NONNULL = YES;
				CLANG_CXX_LANGUAGE_STANDARD = "gnu++0x";
				CLANG_CXX_LIBRARY = "libc++";
				CLANG_ENABLE_MODULES = YES;
				CLANG_ENABLE_OBJC_ARC = YES;
				CLANG_WARN_BOOL_CONVERSION = YES;
				CLANG_WARN_CONSTANT_CONVERSION = YES;
				CLANG_WARN_DIRECT_OBJC_ISA_USAGE = YES_ERROR;
				CLANG_WARN_DOCUMENTATION_COMMENTS = YES;
				CLANG_WARN_EMPTY_BODY = YES;
				CLANG_WARN_ENUM_CONVERSION = YES;
				CLANG_WARN_INFINITE_RECURSION = YES;
				CLANG_WARN_INT_CONVERSION = YES;
				CLANG_WARN_OBJC_ROOT_CLASS = YES_ERROR;
				CLANG_WARN_SUSPICIOUS_MOVE = YES;
				CLANG_WARN_UNREACHABLE_CODE = YES;
				CLANG_WARN__DUPLICATE_METHOD_MATCH = YES;
				"CODE_SIGN_IDENTITY[sdk=iphoneos*]" = "iPhone Developer";
				COPY_PHASE_STRIP = NO;
				DEBUG_INFORMATION_FORMAT = "dwarf-with-dsym";
				ENABLE_NS_ASSERTIONS = NO;
				ENABLE_STRICT_OBJC_MSGSEND = YES;
				GCC_C_LANGUAGE_STANDARD = gnu99;
				GCC_NO_COMMON_BLOCKS = YES;
				GCC_WARN_64_TO_32_BIT_CONVERSION = YES;
				GCC_WARN_ABOUT_RETURN_TYPE = YES_ERROR;
				GCC_WARN_UNDECLARED_SELECTOR = YES;
				GCC_WARN_UNINITIALIZED_AUTOS = YES_AGGRESSIVE;
				GCC_WARN_UNUSED_FUNCTION = YES;
				GCC_WARN_UNUSED_VARIABLE = YES;
				IPHONEOS_DEPLOYMENT_TARGET = 10.2;
				MTL_ENABLE_DEBUG_INFO = NO;
				SDKROOT = iphoneos;
				SWIFT_OPTIMIZATION_LEVEL = "-Owholemodule";
				TARGETED_DEVICE_FAMILY = "1,2";
				VALIDATE_PRODUCT = YES;
			};
			name = Release;
		};
		B6A6C2801E76DF550021EFC0 /* Debug */ = {
			isa = XCBuildConfiguration;
			baseConfigurationReference = B5E4083712718B9C48665E65 /* Pods-RaceMe.debug.xcconfig */;
			buildSettings = {
				ASSETCATALOG_COMPILER_APPICON_NAME = AppIcon;
				DEVELOPMENT_TEAM = 566T8PK976;
				FRAMEWORK_SEARCH_PATHS = (
					"$(inherited)",
					"$(PROJECT_DIR)/RaceMe",
				);
				INFOPLIST_FILE = RaceMe/Info.plist;
				IPHONEOS_DEPLOYMENT_TARGET = 10.2;
				LD_RUNPATH_SEARCH_PATHS = "$(inherited) @executable_path/Frameworks";
				PRODUCT_BUNDLE_IDENTIFIER = vn.coderschool.RaceMe;
				PRODUCT_NAME = "$(TARGET_NAME)";
				SWIFT_VERSION = 3.0;
			};
			name = Debug;
		};
		B6A6C2811E76DF550021EFC0 /* Release */ = {
			isa = XCBuildConfiguration;
			baseConfigurationReference = E1DD169E40379E9D88C93CD3 /* Pods-RaceMe.release.xcconfig */;
			buildSettings = {
				ASSETCATALOG_COMPILER_APPICON_NAME = AppIcon;
				DEVELOPMENT_TEAM = 566T8PK976;
				FRAMEWORK_SEARCH_PATHS = (
					"$(inherited)",
					"$(PROJECT_DIR)/RaceMe",
				);
				INFOPLIST_FILE = RaceMe/Info.plist;
				IPHONEOS_DEPLOYMENT_TARGET = 10.2;
				LD_RUNPATH_SEARCH_PATHS = "$(inherited) @executable_path/Frameworks";
				PRODUCT_BUNDLE_IDENTIFIER = vn.coderschool.RaceMe;
				PRODUCT_NAME = "$(TARGET_NAME)";
				SWIFT_VERSION = 3.0;
			};
			name = Release;
		};
/* End XCBuildConfiguration section */

/* Begin XCConfigurationList section */
		B6A6C2681E76DF550021EFC0 /* Build configuration list for PBXProject "RaceMe" */ = {
			isa = XCConfigurationList;
			buildConfigurations = (
				B6A6C27D1E76DF550021EFC0 /* Debug */,
				B6A6C27E1E76DF550021EFC0 /* Release */,
			);
			defaultConfigurationIsVisible = 0;
			defaultConfigurationName = Release;
		};
		B6A6C27F1E76DF550021EFC0 /* Build configuration list for PBXNativeTarget "RaceMe" */ = {
			isa = XCConfigurationList;
			buildConfigurations = (
				B6A6C2801E76DF550021EFC0 /* Debug */,
				B6A6C2811E76DF550021EFC0 /* Release */,
			);
			defaultConfigurationIsVisible = 0;
			defaultConfigurationName = Release;
		};
/* End XCConfigurationList section */
	};
	rootObject = B6A6C2651E76DF550021EFC0 /* Project object */;
}
